
Microsoft Visual Studio Solution File, Format Version 12.00
# Visual Studio Version 17
VisualStudioVersion = 17.8.34330.188
MinimumVisualStudioVersion = 10.0.40219.1
Project("{9A19103F-16F7-4668-BE54-9A1E7A4F7556}") = "SnakeERP", "SnakeERP\SnakeERP.csproj", "{DBBC8F23-5074-4CAD-93DF-90E4DBEA90C1}"
EndProject
Project("{9A19103F-16F7-4668-BE54-9A1E7A4F7556}") = "SnakeERP.Model", "SnakeERP.Model\SnakeERP.Model.csproj", "{44CBC8FB-079F-4974-9FA3-006BF7AA297B}"
EndProject
Project("{9A19103F-16F7-4668-BE54-9A1E7A4F7556}") = "SnakeERP.DataAccess", "SnakeERP.DataAccess\SnakeERP.DataAccess.csproj", "{CDCA6B88-034A-454C-B151-2BF8423568D9}"
EndProject
Project("{9A19103F-16F7-4668-BE54-9A1E7A4F7556}") = "SnakeERP.ViewModel", "SnakeERP.ViewModel\SnakeERP.ViewModel.csproj", "{1A70CBD7-033F-42FE-AFAE-03D77347DD6E}"
EndProject
Project("{9A19103F-16F7-4668-BE54-9A1E7A4F7556}") = "SnakeERP.Client", "SnakeERP.Client\SnakeERP.Client.csproj", "{C217EEE6-1A49-4437-B264-B142DB717871}"
EndProject
Project("{9A19103F-16F7-4668-BE54-9A1E7A4F7556}") = "SnakeERP.Shared", "SnakeERP.Shared\SnakeERP.Shared.csproj", "{DF9D93FF-7B1E-4C03-852B-5E6FE94DDD56}"
EndProject
Project("{9A19103F-16F7-4668-BE54-9A1E7A4F7556}") = "SnakeERP.Test", "SnakeERP.Test\SnakeERP.Test.csproj", "{348F235C-6659-4BA8-AF0C-56085D1619DA}"
EndProject
Global
	GlobalSection(SolutionConfigurationPlatforms) = preSolution
		Debug|Any CPU = Debug|Any CPU
		Release|Any CPU = Release|Any CPU
	EndGlobalSection
	GlobalSection(ProjectConfigurationPlatforms) = postSolution
		{DBBC8F23-5074-4CAD-93DF-90E4DBEA90C1}.Debug|Any CPU.ActiveCfg = Debug|Any CPU
		{DBBC8F23-5074-4CAD-93DF-90E4DBEA90C1}.Debug|Any CPU.Build.0 = Debug|Any CPU
		{DBBC8F23-5074-4CAD-93DF-90E4DBEA90C1}.Release|Any CPU.ActiveCfg = Release|Any CPU
		{DBBC8F23-5074-4CAD-93DF-90E4DBEA90C1}.Release|Any CPU.Build.0 = Release|Any CPU
		{44CBC8FB-079F-4974-9FA3-006BF7AA297B}.Debug|Any CPU.ActiveCfg = Debug|Any CPU
		{44CBC8FB-079F-4974-9FA3-006BF7AA297B}.Debug|Any CPU.Build.0 = Debug|Any CPU
		{44CBC8FB-079F-4974-9FA3-006BF7AA297B}.Release|Any CPU.ActiveCfg = Release|Any CPU
		{44CBC8FB-079F-4974-9FA3-006BF7AA297B}.Release|Any CPU.Build.0 = Release|Any CPU
		{CDCA6B88-034A-454C-B151-2BF8423568D9}.Debug|Any CPU.ActiveCfg = Debug|Any CPU
		{CDCA6B88-034A-454C-B151-2BF8423568D9}.Debug|Any CPU.Build.0 = Debug|Any CPU
		{CDCA6B88-034A-454C-B151-2BF8423568D9}.Release|Any CPU.ActiveCfg = Release|Any CPU
		{CDCA6B88-034A-454C-B151-2BF8423568D9}.Release|Any CPU.Build.0 = Release|Any CPU
		{1A70CBD7-033F-42FE-AFAE-03D77347DD6E}.Debug|Any CPU.ActiveCfg = Debug|Any CPU
		{1A70CBD7-033F-42FE-AFAE-03D77347DD6E}.Debug|Any CPU.Build.0 = Debug|Any CPU
		{1A70CBD7-033F-42FE-AFAE-03D77347DD6E}.Release|Any CPU.ActiveCfg = Release|Any CPU
		{1A70CBD7-033F-42FE-AFAE-03D77347DD6E}.Release|Any CPU.Build.0 = Release|Any CPU
		{C217EEE6-1A49-4437-B264-B142DB717871}.Debug|Any CPU.ActiveCfg = Debug|Any CPU
		{C217EEE6-1A49-4437-B264-B142DB717871}.Debug|Any CPU.Build.0 = Debug|Any CPU
		{C217EEE6-1A49-4437-B264-B142DB717871}.Release|Any CPU.ActiveCfg = Release|Any CPU
		{C217EEE6-1A49-4437-B264-B142DB717871}.Release|Any CPU.Build.0 = Release|Any CPU
		{DF9D93FF-7B1E-4C03-852B-5E6FE94DDD56}.Debug|Any CPU.ActiveCfg = Debug|Any CPU
		{DF9D93FF-7B1E-4C03-852B-5E6FE94DDD56}.Debug|Any CPU.Build.0 = Debug|Any CPU
		{DF9D93FF-7B1E-4C03-852B-5E6FE94DDD56}.Release|Any CPU.ActiveCfg = Release|Any CPU
		{DF9D93FF-7B1E-4C03-852B-5E6FE94DDD56}.Release|Any CPU.Build.0 = Release|Any CPU
		{348F235C-6659-4BA8-AF0C-56085D1619DA}.Debug|Any CPU.ActiveCfg = Debug|Any CPU
		{348F235C-6659-4BA8-AF0C-56085D1619DA}.Debug|Any CPU.Build.0 = Debug|Any CPU
		{348F235C-6659-4BA8-AF0C-56085D1619DA}.Release|Any CPU.ActiveCfg = Release|Any CPU
		{348F235C-6659-4BA8-AF0C-56085D1619DA}.Release|Any CPU.Build.0 = Release|Any CPU
	EndGlobalSection
	GlobalSection(SolutionProperties) = preSolution
		HideSolutionNode = FALSE
	EndGlobalSection
	GlobalSection(ExtensibilityGlobals) = postSolution
		SolutionGuid = {1F219808-E6E8-4C1D-B846-41F2F7CF20FA}
	EndGlobalSection
EndGlobal
