
Microsoft Visual Studio Solution File, Format Version 12.00
# Visual Studio 15
VisualStudioVersion = 15.0.28307.489
MinimumVisualStudioVersion = 10.0.40219.1
Project("{2150E333-8FDC-42A3-9474-1A3956D46DE8}") = "Plugs", "Plugs", "{180C4CEB-F3CC-4622-BC49-290F0D987660}"
EndProject
Project("{2150E333-8FDC-42A3-9474-1A3956D46DE8}") = "Template", "Template", "{008F9859-4F24-475D-89FD-6D4717AC2CA1}"
EndProject
Project("{FAE04EC0-301F-11D3-BF4B-00C04F79EFBC}") = "ICP.EDI.UI", "ICP.EDI.UI\ICP.EDI.UI.csproj", "{5CCA5A8D-CA7F-4CA7-BFA5-D7052647D1B6}"
EndProject
Project("{FAE04EC0-301F-11D3-BF4B-00C04F79EFBC}") = "ICP.EDI.ServiceInterface", "ICP.EDI.ServiceInterface\ICP.EDI.ServiceInterface.csproj", "{15025436-CE25-4690-AB93-B4D9E0C9A1C2}"
EndProject
Project("{FAE04EC0-301F-11D3-BF4B-00C04F79EFBC}") = "ICP.EDI.ServiceComponent", "ICP.EDI.ServiceComponent\ICP.EDI.ServiceComponent.csproj", "{124696AC-42FC-44B6-AC31-183DC19F70DB}"
EndProject
Project("{FAE04EC0-301F-11D3-BF4B-00C04F79EFBC}") = "ICP.EDI.FileManager", "ICP.EDI.FileManager\ICP.EDI.FileManager.csproj", "{C576F8A8-739C-4550-B136-6C11BD6E586F}"
EndProject
Project("{FAE04EC0-301F-11D3-BF4B-00C04F79EFBC}") = "COSCO.Booking", "Plugs\COSCO-Bookings\COSCO.Booking.csproj", "{D83A09CB-25B1-40F2-8EAB-F6A9ED6E2DB8}"
EndProject
Project("{FAE04EC0-301F-11D3-BF4B-00C04F79EFBC}") = "CSCL.SI", "Plugs\CSCL-SI\CSCL.SI.csproj", "{7ADBDADB-D4C9-4288-85ED-1E7D5A28F69F}"
EndProject
Project("{FAE04EC0-301F-11D3-BF4B-00C04F79EFBC}") = "FYCW.SI", "Plugs\FYCW-BOOKING\FYCW.SI.csproj", "{F2341EB5-DC40-4483-86EE-D1D06F1AC607}"
EndProject
Project("{FAE04EC0-301F-11D3-BF4B-00C04F79EFBC}") = "HANJIN.Booking", "Plugs\HANJIN-Booking\HANJIN.Booking.csproj", "{665CE7C7-A01D-440B-B607-A7E47F27AA82}"
EndProject
Project("{FAE04EC0-301F-11D3-BF4B-00C04F79EFBC}") = "HANJIN.SI", "Plugs\HANJIN-SI\HANJIN.SI.csproj", "{6E63BC4A-BD6C-4FF6-BD24-95749A6BA9F1}"
EndProject
Project("{FAE04EC0-301F-11D3-BF4B-00C04F79EFBC}") = "ICP.EDI.WebService", "ICP.EDI.WebService\ICP.EDI.WebService.csproj", "{66AC64B8-0769-4087-B567-B9D5E5CB14D2}"
EndProject
Project("{FAE04EC0-301F-11D3-BF4B-00C04F79EFBC}") = "PIL.Booking", "PIL.Booking\PIL.Booking.csproj", "{A9E185CB-7927-4744-943B-6DE63E5CEC64}"
EndProject
Project("{FAE04EC0-301F-11D3-BF4B-00C04F79EFBC}") = "COSCO.SI", "COSCO.SI\COSCO.SI.csproj", "{769DB8DF-36E2-484B-B546-8246393B3A16}"
EndProject
Project("{FAE04EC0-301F-11D3-BF4B-00C04F79EFBC}") = "AMSACIISF", "Plugs\AMSACIISF\AMSACIISF.csproj", "{27373F3E-515A-4FCC-8289-8040267AB3FD}"
EndProject
Project("{FAE04EC0-301F-11D3-BF4B-00C04F79EFBC}") = "AMSandISF", "plugs\AMSandISF\AMSandISF.csproj", "{9B6592D0-1EAE-47F5-924B-D69CAD07FFEC}"
EndProject
Project("{FAE04EC0-301F-11D3-BF4B-00C04F79EFBC}") = "AMSandACIandISF", "Plugs\AMSandACIandISF\AMSandACIandISF.csproj", "{2F9C89BB-0008-4C19-B053-B63655C6BE07}"
EndProject
Project("{FAE04EC0-301F-11D3-BF4B-00C04F79EFBC}") = "AMSandACI", "Plugs\AMSandACI\AMSandACI.csproj", "{E4D4B545-FA82-4A6D-A7AB-73B0328BC831}"
EndProject
Project("{FAE04EC0-301F-11D3-BF4B-00C04F79EFBC}") = "CSCL.Booking", "Plugs\CSCL.Booking\CSCL.Booking.csproj", "{53903A9F-DDC4-42CF-83DA-279D813C60BE}"
EndProject
Project("{FAE04EC0-301F-11D3-BF4B-00C04F79EFBC}") = "CSCLBooking", "Plugs\Template\CSCLBooking\CSCLBooking.csproj", "{BE5339D1-98A8-4B4C-B1E8-174D2C4B4079}"
EndProject
Project("{E24C65DC-7377-472B-9ABA-BC803B73C61A}") = "TestWebService", "TestWebService", "{070F8694-663F-41FF-981C-A8F9757683CB}"
	ProjectSection(WebsiteProperties) = preProject
		SccProjectName = "SAK"
		SccAuxPath = "SAK"
		SccLocalPath = "SAK"
		SccProvider = "SAK"
		TargetFrameworkMoniker = ".NETFramework,Version%3Dv3.5"
		Debug.AspNetCompiler.VirtualPath = "/TestWebService"
		Debug.AspNetCompiler.PhysicalPath = "TestWebService\"
		Debug.AspNetCompiler.TargetPath = "PrecompiledWeb\TestWebService\"
		Debug.AspNetCompiler.Updateable = "true"
		Debug.AspNetCompiler.ForceOverwrite = "true"
		Debug.AspNetCompiler.FixedNames = "false"
		Debug.AspNetCompiler.Debug = "True"
		Release.AspNetCompiler.VirtualPath = "/TestWebService"
		Release.AspNetCompiler.PhysicalPath = "TestWebService\"
		Release.AspNetCompiler.TargetPath = "PrecompiledWeb\TestWebService\"
		Release.AspNetCompiler.Updateable = "true"
		Release.AspNetCompiler.ForceOverwrite = "true"
		Release.AspNetCompiler.FixedNames = "false"
		Release.AspNetCompiler.Debug = "False"
		VWDPort = "8403"
		SlnRelativePath = "TestWebService\"
		DefaultWebSiteLanguage = "Visual C#"
	EndProjectSection
EndProject
Project("{FAE04EC0-301F-11D3-BF4B-00C04F79EFBC}") = "INTTRA.SO", "INTTRA.SO\INTTRA.SO.csproj", "{2C196BF3-6E4A-4ED1-B88D-820485D3143A}"
EndProject
Project("{FAE04EC0-301F-11D3-BF4B-00C04F79EFBC}") = "INTTRA.SI", "INTTRA.SI\INTTRA.SI.csproj", "{462327F1-EC32-4C8E-807C-2497121014BF}"
EndProject
Project("{FAE04EC0-301F-11D3-BF4B-00C04F79EFBC}") = "INTTRA.RECEIVERSO", "INTTRA.RECEIVERSO\INTTRA.RECEIVERSO.csproj", "{06FF20ED-261F-4123-9581-65C681B6D98F}"
EndProject
Project("{FAE04EC0-301F-11D3-BF4B-00C04F79EFBC}") = "ICP.EDI.MapForce", "ICP.EDI.MapForce\ICP.EDI.MapForce.csproj", "{04CF73F0-9D19-4DD6-84FF-8117AD1D0BF3}"
EndProject
Project("{FAE04EC0-301F-11D3-BF4B-00C04F79EFBC}") = "NB.CLP", "NB.CLP\NB.CLP.csproj", "{2A8772A9-6EB4-4356-A8A4-C6D69EC13265}"
EndProject
Project("{FAE04EC0-301F-11D3-BF4B-00C04F79EFBC}") = "ICP.EDI.PluginInterface", "ICP.EDI.PluginInterface\ICP.EDI.PluginInterface.csproj", "{D0ABB461-1264-4107-90ED-1C01A8D1FF37}"
EndProject
Global
	GlobalSection(SolutionConfigurationPlatforms) = preSolution
		Debug|Any CPU = Debug|Any CPU
		Release|Any CPU = Release|Any CPU
	EndGlobalSection
	GlobalSection(ProjectConfigurationPlatforms) = postSolution
		{5CCA5A8D-CA7F-4CA7-BFA5-D7052647D1B6}.Debug|Any CPU.ActiveCfg = Debug|Any CPU
		{5CCA5A8D-CA7F-4CA7-BFA5-D7052647D1B6}.Debug|Any CPU.Build.0 = Debug|Any CPU
		{5CCA5A8D-CA7F-4CA7-BFA5-D7052647D1B6}.Release|Any CPU.ActiveCfg = Release|Any CPU
		{5CCA5A8D-CA7F-4CA7-BFA5-D7052647D1B6}.Release|Any CPU.Build.0 = Release|Any CPU
		{15025436-CE25-4690-AB93-B4D9E0C9A1C2}.Debug|Any CPU.ActiveCfg = Debug|Any CPU
		{15025436-CE25-4690-AB93-B4D9E0C9A1C2}.Debug|Any CPU.Build.0 = Debug|Any CPU
		{15025436-CE25-4690-AB93-B4D9E0C9A1C2}.Release|Any CPU.ActiveCfg = Release|Any CPU
		{15025436-CE25-4690-AB93-B4D9E0C9A1C2}.Release|Any CPU.Build.0 = Release|Any CPU
		{124696AC-42FC-44B6-AC31-183DC19F70DB}.Debug|Any CPU.ActiveCfg = Debug|Any CPU
		{124696AC-42FC-44B6-AC31-183DC19F70DB}.Debug|Any CPU.Build.0 = Debug|Any CPU
		{124696AC-42FC-44B6-AC31-183DC19F70DB}.Release|Any CPU.ActiveCfg = Release|Any CPU
		{124696AC-42FC-44B6-AC31-183DC19F70DB}.Release|Any CPU.Build.0 = Release|Any CPU
		{C576F8A8-739C-4550-B136-6C11BD6E586F}.Debug|Any CPU.ActiveCfg = Debug|Any CPU
		{C576F8A8-739C-4550-B136-6C11BD6E586F}.Debug|Any CPU.Build.0 = Debug|Any CPU
		{C576F8A8-739C-4550-B136-6C11BD6E586F}.Release|Any CPU.ActiveCfg = Release|Any CPU
		{C576F8A8-739C-4550-B136-6C11BD6E586F}.Release|Any CPU.Build.0 = Release|Any CPU
		{D83A09CB-25B1-40F2-8EAB-F6A9ED6E2DB8}.Debug|Any CPU.ActiveCfg = Debug|Any CPU
		{D83A09CB-25B1-40F2-8EAB-F6A9ED6E2DB8}.Debug|Any CPU.Build.0 = Debug|Any CPU
		{D83A09CB-25B1-40F2-8EAB-F6A9ED6E2DB8}.Release|Any CPU.ActiveCfg = Release|Any CPU
		{D83A09CB-25B1-40F2-8EAB-F6A9ED6E2DB8}.Release|Any CPU.Build.0 = Release|Any CPU
		{7ADBDADB-D4C9-4288-85ED-1E7D5A28F69F}.Debug|Any CPU.ActiveCfg = Debug|Any CPU
		{7ADBDADB-D4C9-4288-85ED-1E7D5A28F69F}.Debug|Any CPU.Build.0 = Debug|Any CPU
		{7ADBDADB-D4C9-4288-85ED-1E7D5A28F69F}.Release|Any CPU.ActiveCfg = Release|Any CPU
		{7ADBDADB-D4C9-4288-85ED-1E7D5A28F69F}.Release|Any CPU.Build.0 = Release|Any CPU
		{F2341EB5-DC40-4483-86EE-D1D06F1AC607}.Debug|Any CPU.ActiveCfg = Debug|Any CPU
		{F2341EB5-DC40-4483-86EE-D1D06F1AC607}.Debug|Any CPU.Build.0 = Debug|Any CPU
		{F2341EB5-DC40-4483-86EE-D1D06F1AC607}.Release|Any CPU.ActiveCfg = Release|Any CPU
		{F2341EB5-DC40-4483-86EE-D1D06F1AC607}.Release|Any CPU.Build.0 = Release|Any CPU
		{665CE7C7-A01D-440B-B607-A7E47F27AA82}.Debug|Any CPU.ActiveCfg = Debug|Any CPU
		{665CE7C7-A01D-440B-B607-A7E47F27AA82}.Debug|Any CPU.Build.0 = Debug|Any CPU
		{665CE7C7-A01D-440B-B607-A7E47F27AA82}.Release|Any CPU.ActiveCfg = Release|Any CPU
		{665CE7C7-A01D-440B-B607-A7E47F27AA82}.Release|Any CPU.Build.0 = Release|Any CPU
		{6E63BC4A-BD6C-4FF6-BD24-95749A6BA9F1}.Debug|Any CPU.ActiveCfg = Debug|Any CPU
		{6E63BC4A-BD6C-4FF6-BD24-95749A6BA9F1}.Debug|Any CPU.Build.0 = Debug|Any CPU
		{6E63BC4A-BD6C-4FF6-BD24-95749A6BA9F1}.Release|Any CPU.ActiveCfg = Release|Any CPU
		{6E63BC4A-BD6C-4FF6-BD24-95749A6BA9F1}.Release|Any CPU.Build.0 = Release|Any CPU
		{66AC64B8-0769-4087-B567-B9D5E5CB14D2}.Debug|Any CPU.ActiveCfg = Debug|Any CPU
		{66AC64B8-0769-4087-B567-B9D5E5CB14D2}.Debug|Any CPU.Build.0 = Debug|Any CPU
		{66AC64B8-0769-4087-B567-B9D5E5CB14D2}.Release|Any CPU.ActiveCfg = Release|Any CPU
		{66AC64B8-0769-4087-B567-B9D5E5CB14D2}.Release|Any CPU.Build.0 = Release|Any CPU
		{A9E185CB-7927-4744-943B-6DE63E5CEC64}.Debug|Any CPU.ActiveCfg = Debug|Any CPU
		{A9E185CB-7927-4744-943B-6DE63E5CEC64}.Debug|Any CPU.Build.0 = Debug|Any CPU
		{A9E185CB-7927-4744-943B-6DE63E5CEC64}.Release|Any CPU.ActiveCfg = Release|Any CPU
		{A9E185CB-7927-4744-943B-6DE63E5CEC64}.Release|Any CPU.Build.0 = Release|Any CPU
		{769DB8DF-36E2-484B-B546-8246393B3A16}.Debug|Any CPU.ActiveCfg = Debug|Any CPU
		{769DB8DF-36E2-484B-B546-8246393B3A16}.Debug|Any CPU.Build.0 = Debug|Any CPU
		{769DB8DF-36E2-484B-B546-8246393B3A16}.Release|Any CPU.ActiveCfg = Release|Any CPU
		{769DB8DF-36E2-484B-B546-8246393B3A16}.Release|Any CPU.Build.0 = Release|Any CPU
		{27373F3E-515A-4FCC-8289-8040267AB3FD}.Debug|Any CPU.ActiveCfg = Debug|Any CPU
		{27373F3E-515A-4FCC-8289-8040267AB3FD}.Debug|Any CPU.Build.0 = Debug|Any CPU
		{27373F3E-515A-4FCC-8289-8040267AB3FD}.Release|Any CPU.ActiveCfg = Release|Any CPU
		{27373F3E-515A-4FCC-8289-8040267AB3FD}.Release|Any CPU.Build.0 = Release|Any CPU
		{9B6592D0-1EAE-47F5-924B-D69CAD07FFEC}.Debug|Any CPU.ActiveCfg = Debug|Any CPU
		{9B6592D0-1EAE-47F5-924B-D69CAD07FFEC}.Debug|Any CPU.Build.0 = Debug|Any CPU
		{9B6592D0-1EAE-47F5-924B-D69CAD07FFEC}.Release|Any CPU.ActiveCfg = Release|Any CPU
		{9B6592D0-1EAE-47F5-924B-D69CAD07FFEC}.Release|Any CPU.Build.0 = Release|Any CPU
		{2F9C89BB-0008-4C19-B053-B63655C6BE07}.Debug|Any CPU.ActiveCfg = Debug|Any CPU
		{2F9C89BB-0008-4C19-B053-B63655C6BE07}.Debug|Any CPU.Build.0 = Debug|Any CPU
		{2F9C89BB-0008-4C19-B053-B63655C6BE07}.Release|Any CPU.ActiveCfg = Release|Any CPU
		{2F9C89BB-0008-4C19-B053-B63655C6BE07}.Release|Any CPU.Build.0 = Release|Any CPU
		{E4D4B545-FA82-4A6D-A7AB-73B0328BC831}.Debug|Any CPU.ActiveCfg = Debug|Any CPU
		{E4D4B545-FA82-4A6D-A7AB-73B0328BC831}.Debug|Any CPU.Build.0 = Debug|Any CPU
		{E4D4B545-FA82-4A6D-A7AB-73B0328BC831}.Release|Any CPU.ActiveCfg = Release|Any CPU
		{E4D4B545-FA82-4A6D-A7AB-73B0328BC831}.Release|Any CPU.Build.0 = Release|Any CPU
		{53903A9F-DDC4-42CF-83DA-279D813C60BE}.Debug|Any CPU.ActiveCfg = Debug|Any CPU
		{53903A9F-DDC4-42CF-83DA-279D813C60BE}.Debug|Any CPU.Build.0 = Debug|Any CPU
		{53903A9F-DDC4-42CF-83DA-279D813C60BE}.Release|Any CPU.ActiveCfg = Release|Any CPU
		{53903A9F-DDC4-42CF-83DA-279D813C60BE}.Release|Any CPU.Build.0 = Release|Any CPU
		{BE5339D1-98A8-4B4C-B1E8-174D2C4B4079}.Debug|Any CPU.ActiveCfg = Debug|Any CPU
		{BE5339D1-98A8-4B4C-B1E8-174D2C4B4079}.Debug|Any CPU.Build.0 = Debug|Any CPU
		{BE5339D1-98A8-4B4C-B1E8-174D2C4B4079}.Release|Any CPU.ActiveCfg = Release|Any CPU
		{BE5339D1-98A8-4B4C-B1E8-174D2C4B4079}.Release|Any CPU.Build.0 = Release|Any CPU
		{070F8694-663F-41FF-981C-A8F9757683CB}.Debug|Any CPU.ActiveCfg = Debug|Any CPU
		{070F8694-663F-41FF-981C-A8F9757683CB}.Debug|Any CPU.Build.0 = Debug|Any CPU
		{070F8694-663F-41FF-981C-A8F9757683CB}.Release|Any CPU.ActiveCfg = Debug|Any CPU
		{070F8694-663F-41FF-981C-A8F9757683CB}.Release|Any CPU.Build.0 = Debug|Any CPU
		{2C196BF3-6E4A-4ED1-B88D-820485D3143A}.Debug|Any CPU.ActiveCfg = Debug|Any CPU
		{2C196BF3-6E4A-4ED1-B88D-820485D3143A}.Debug|Any CPU.Build.0 = Debug|Any CPU
		{2C196BF3-6E4A-4ED1-B88D-820485D3143A}.Release|Any CPU.ActiveCfg = Release|Any CPU
		{2C196BF3-6E4A-4ED1-B88D-820485D3143A}.Release|Any CPU.Build.0 = Release|Any CPU
		{462327F1-EC32-4C8E-807C-2497121014BF}.Debug|Any CPU.ActiveCfg = Debug|Any CPU
		{462327F1-EC32-4C8E-807C-2497121014BF}.Debug|Any CPU.Build.0 = Debug|Any CPU
		{462327F1-EC32-4C8E-807C-2497121014BF}.Release|Any CPU.ActiveCfg = Release|Any CPU
		{462327F1-EC32-4C8E-807C-2497121014BF}.Release|Any CPU.Build.0 = Release|Any CPU
		{06FF20ED-261F-4123-9581-65C681B6D98F}.Debug|Any CPU.ActiveCfg = Debug|Any CPU
		{06FF20ED-261F-4123-9581-65C681B6D98F}.Debug|Any CPU.Build.0 = Debug|Any CPU
		{06FF20ED-261F-4123-9581-65C681B6D98F}.Release|Any CPU.ActiveCfg = Release|Any CPU
		{06FF20ED-261F-4123-9581-65C681B6D98F}.Release|Any CPU.Build.0 = Release|Any CPU
		{04CF73F0-9D19-4DD6-84FF-8117AD1D0BF3}.Debug|Any CPU.ActiveCfg = Debug|Any CPU
		{04CF73F0-9D19-4DD6-84FF-8117AD1D0BF3}.Debug|Any CPU.Build.0 = Debug|Any CPU
		{04CF73F0-9D19-4DD6-84FF-8117AD1D0BF3}.Release|Any CPU.ActiveCfg = Release|Any CPU
		{04CF73F0-9D19-4DD6-84FF-8117AD1D0BF3}.Release|Any CPU.Build.0 = Release|Any CPU
		{2A8772A9-6EB4-4356-A8A4-C6D69EC13265}.Debug|Any CPU.ActiveCfg = Debug|Any CPU
		{2A8772A9-6EB4-4356-A8A4-C6D69EC13265}.Debug|Any CPU.Build.0 = Debug|Any CPU
		{2A8772A9-6EB4-4356-A8A4-C6D69EC13265}.Release|Any CPU.ActiveCfg = Release|Any CPU
		{2A8772A9-6EB4-4356-A8A4-C6D69EC13265}.Release|Any CPU.Build.0 = Release|Any CPU
		{D0ABB461-1264-4107-90ED-1C01A8D1FF37}.Debug|Any CPU.ActiveCfg = Debug|Any CPU
		{D0ABB461-1264-4107-90ED-1C01A8D1FF37}.Debug|Any CPU.Build.0 = Debug|Any CPU
		{D0ABB461-1264-4107-90ED-1C01A8D1FF37}.Release|Any CPU.ActiveCfg = Release|Any CPU
		{D0ABB461-1264-4107-90ED-1C01A8D1FF37}.Release|Any CPU.Build.0 = Release|Any CPU
	EndGlobalSection
	GlobalSection(SolutionProperties) = preSolution
		HideSolutionNode = FALSE
	EndGlobalSection
	GlobalSection(NestedProjects) = preSolution
		{008F9859-4F24-475D-89FD-6D4717AC2CA1} = {180C4CEB-F3CC-4622-BC49-290F0D987660}
		{D83A09CB-25B1-40F2-8EAB-F6A9ED6E2DB8} = {180C4CEB-F3CC-4622-BC49-290F0D987660}
		{7ADBDADB-D4C9-4288-85ED-1E7D5A28F69F} = {180C4CEB-F3CC-4622-BC49-290F0D987660}
		{F2341EB5-DC40-4483-86EE-D1D06F1AC607} = {180C4CEB-F3CC-4622-BC49-290F0D987660}
		{665CE7C7-A01D-440B-B607-A7E47F27AA82} = {180C4CEB-F3CC-4622-BC49-290F0D987660}
		{6E63BC4A-BD6C-4FF6-BD24-95749A6BA9F1} = {180C4CEB-F3CC-4622-BC49-290F0D987660}
		{A9E185CB-7927-4744-943B-6DE63E5CEC64} = {180C4CEB-F3CC-4622-BC49-290F0D987660}
		{769DB8DF-36E2-484B-B546-8246393B3A16} = {180C4CEB-F3CC-4622-BC49-290F0D987660}
		{27373F3E-515A-4FCC-8289-8040267AB3FD} = {180C4CEB-F3CC-4622-BC49-290F0D987660}
		{9B6592D0-1EAE-47F5-924B-D69CAD07FFEC} = {180C4CEB-F3CC-4622-BC49-290F0D987660}
		{2F9C89BB-0008-4C19-B053-B63655C6BE07} = {180C4CEB-F3CC-4622-BC49-290F0D987660}
		{E4D4B545-FA82-4A6D-A7AB-73B0328BC831} = {180C4CEB-F3CC-4622-BC49-290F0D987660}
		{53903A9F-DDC4-42CF-83DA-279D813C60BE} = {180C4CEB-F3CC-4622-BC49-290F0D987660}
		{BE5339D1-98A8-4B4C-B1E8-174D2C4B4079} = {008F9859-4F24-475D-89FD-6D4717AC2CA1}
		{2C196BF3-6E4A-4ED1-B88D-820485D3143A} = {180C4CEB-F3CC-4622-BC49-290F0D987660}
		{462327F1-EC32-4C8E-807C-2497121014BF} = {180C4CEB-F3CC-4622-BC49-290F0D987660}
		{06FF20ED-261F-4123-9581-65C681B6D98F} = {180C4CEB-F3CC-4622-BC49-290F0D987660}
		{2A8772A9-6EB4-4356-A8A4-C6D69EC13265} = {180C4CEB-F3CC-4622-BC49-290F0D987660}
	EndGlobalSection
	GlobalSection(ExtensibilityGlobals) = postSolution
		SolutionGuid = {F6A01CD3-64B1-424A-B969-4BEB67BEE4DE}
	EndGlobalSection
	GlobalSection(TeamFoundationVersionControl) = preSolution
		SccNumberOfProjects = 26
		SccEnterpriseProvider = {4CA58AB2-18FA-4F8D-95D4-32DDF27D184C}
		SccTeamFoundationServer = http://192.168.99.21:8080/tfs/defaultcollection
		SccLocalPath0 = .
		SccProjectUniqueName1 = COSCO.SI\\COSCO.SI.csproj
		SccProjectTopLevelParentUniqueName1 = ICP.EDI.sln
		SccProjectName1 = COSCO.SI
		SccLocalPath1 = COSCO.SI
		SccProjectUniqueName2 = ICP.EDI.FileManager\\ICP.EDI.FileManager.csproj
		SccProjectName2 = ICP.EDI.FileManager
		SccLocalPath2 = ICP.EDI.FileManager
		SccProjectUniqueName3 = ICP.EDI.ServiceComponent\\ICP.EDI.ServiceComponent.csproj
		SccProjectName3 = ICP.EDI.ServiceComponent
		SccLocalPath3 = ICP.EDI.ServiceComponent
		SccProjectUniqueName4 = ICP.EDI.ServiceInterface\\ICP.EDI.ServiceInterface.csproj
		SccProjectName4 = ICP.EDI.ServiceInterface
		SccLocalPath4 = ICP.EDI.ServiceInterface
		SccProjectUniqueName5 = ICP.EDI.UI\\ICP.EDI.UI.csproj
		SccProjectName5 = ICP.EDI.UI
		SccLocalPath5 = ICP.EDI.UI
		SccProjectUniqueName6 = ICP.EDI.WebService\\ICP.EDI.WebService.csproj
		SccProjectName6 = ICP.EDI.WebService
		SccLocalPath6 = ICP.EDI.WebService
		SccProjectUniqueName7 = PIL.Booking\\PIL.Booking.csproj
		SccProjectTopLevelParentUniqueName7 = ICP.EDI.sln
		SccProjectName7 = PIL.Booking
		SccLocalPath7 = PIL.Booking
		SccProjectUniqueName8 = Plugs\\AMSACIISF\\AMSACIISF.csproj
		SccProjectTopLevelParentUniqueName8 = ICP.EDI.sln
		SccProjectName8 = Plugs/AMSACIISF
		SccLocalPath8 = Plugs\\AMSACIISF
		SccProjectUniqueName9 = Plugs\\AMSandACI\\AMSandACI.csproj
		SccProjectTopLevelParentUniqueName9 = ICP.EDI.sln
		SccProjectName9 = Plugs/AMSandACI
		SccLocalPath9 = Plugs\\AMSandACI
		SccProjectUniqueName10 = Plugs\\AMSandACIandISF\\AMSandACIandISF.csproj
		SccProjectTopLevelParentUniqueName10 = ICP.EDI.sln
		SccProjectName10 = Plugs/AMSandACIandISF
		SccLocalPath10 = Plugs\\AMSandACIandISF
		SccProjectUniqueName11 = plugs\\AMSandISF\\AMSandISF.csproj
		SccProjectTopLevelParentUniqueName11 = ICP.EDI.sln
		SccProjectName11 = plugs/AMSandISF
		SccLocalPath11 = plugs\\AMSandISF
		SccProjectUniqueName12 = Plugs\\COSCO-Bookings\\COSCO.Booking.csproj
		SccProjectTopLevelParentUniqueName12 = ICP.EDI.sln
		SccProjectName12 = Plugs/COSCO-Bookings
		SccLocalPath12 = Plugs\\COSCO-Bookings
		SccProjectUniqueName13 = Plugs\\CSCL-SI\\CSCL.SI.csproj
		SccProjectTopLevelParentUniqueName13 = ICP.EDI.sln
		SccProjectName13 = Plugs/CSCL-SI
		SccLocalPath13 = Plugs\\CSCL-SI
		SccProjectUniqueName14 = Plugs\\CSCL.Booking\\CSCL.Booking.csproj
		SccProjectTopLevelParentUniqueName14 = ICP.EDI.sln
		SccProjectName14 = Plugs/CSCL.Booking
		SccLocalPath14 = Plugs\\CSCL.Booking
		SccProjectUniqueName15 = Plugs\\FYCW-BOOKING\\FYCW.SI.csproj
		SccProjectTopLevelParentUniqueName15 = ICP.EDI.sln
		SccProjectName15 = Plugs/FYCW-BOOKING
		SccLocalPath15 = Plugs\\FYCW-BOOKING
		SccProjectUniqueName16 = Plugs\\HANJIN-Booking\\HANJIN.Booking.csproj
		SccProjectTopLevelParentUniqueName16 = ICP.EDI.sln
		SccProjectName16 = Plugs/HANJIN-Booking
		SccLocalPath16 = Plugs\\HANJIN-Booking
		SccProjectUniqueName17 = Plugs\\HANJIN-SI\\HANJIN.SI.csproj
		SccProjectTopLevelParentUniqueName17 = ICP.EDI.sln
		SccProjectName17 = Plugs/HANJIN-SI
		SccLocalPath17 = Plugs\\HANJIN-SI
		SccProjectUniqueName18 = Plugs\\Template\\CSCLBooking\\CSCLBooking.csproj
		SccProjectTopLevelParentUniqueName18 = ICP.EDI.sln
		SccProjectName18 = Plugs/Template/CSCLBooking
		SccLocalPath18 = Plugs\\Template\\CSCLBooking
		SccWebProject19 = true
		SccProjectUniqueName19 = TestWebService
		SccProjectName19 = TestWebService
		SccLocalPath19 = TestWebService
		SccProjectEnlistmentChoice19 = 2
		SccProjectUniqueName20 = INTTRA.SO\\INTTRA.SO.csproj
		SccProjectTopLevelParentUniqueName20 = ICP.EDI.sln
		SccProjectName20 = INTTRA.SO
		SccLocalPath20 = INTTRA.SO
		SccProjectUniqueName21 = INTTRA.SI\\INTTRA.SI.csproj
		SccProjectTopLevelParentUniqueName21 = ICP.EDI.sln
		SccProjectName21 = INTTRA.SI
		SccLocalPath21 = INTTRA.SI
		SccProjectUniqueName22 = INTTRA.RECEIVERSO\\INTTRA.RECEIVERSO.csproj
		SccProjectTopLevelParentUniqueName22 = ICP.EDI.sln
		SccProjectName22 = INTTRA.RECEIVERSO
		SccLocalPath22 = INTTRA.RECEIVERSO
		SccProjectUniqueName23 = ICP.EDI.MapForce\\ICP.EDI.MapForce.csproj
		SccProjectName23 = ICP.EDI.MapForce
		SccLocalPath23 = ICP.EDI.MapForce
		SccProjectUniqueName24 = NB.CLP\\NB.CLP.csproj
		SccProjectTopLevelParentUniqueName24 = ICP.EDI.sln
		SccProjectName24 = NB.CLP
		SccLocalPath24 = NB.CLP
		SccProjectUniqueName25 = ICP.EDI.PluginInterface\\ICP.EDI.PluginInterface.csproj
		SccProjectName25 = ICP.EDI.PluginInterface
		SccLocalPath25 = ICP.EDI.PluginInterface
	EndGlobalSection
EndGlobal
