
Microsoft Visual Studio Solution File, Format Version 12.00
# Visual Studio Version 17
VisualStudioVersion = 17.8.34330.188
MinimumVisualStudioVersion = 10.0.40219.1
Project("{FAE04EC0-301F-11D3-BF4B-00C04F79EFBC}") = "DG.WebUI", "DG.WebUI\DG.WebUI.csproj", "{819D6968-D813-4415-85CB-2488241EF3FC}"
EndProject
Global
	GlobalSection(SolutionConfigurationPlatforms) = preSolution
		Debug|Any CPU = Debug|Any CPU
		Release|Any CPU = Release|Any CPU
	EndGlobalSection
	GlobalSection(ProjectConfigurationPlatforms) = postSolution
		{819D6968-D813-4415-85CB-2488241EF3FC}.Debug|Any CPU.ActiveCfg = Debug|Any CPU
		{819D6968-D813-4415-85CB-2488241EF3FC}.Debug|Any CPU.Build.0 = Debug|Any CPU
		{819D6968-D813-4415-85CB-2488241EF3FC}.Release|Any CPU.ActiveCfg = Release|Any CPU
		{819D6968-D813-4415-85CB-2488241EF3FC}.Release|Any CPU.Build.0 = Release|Any CPU
	EndGlobalSection
	GlobalSection(SolutionProperties) = preSolution
		HideSolutionNode = FALSE
	EndGlobalSection
	GlobalSection(ExtensibilityGlobals) = postSolution
		SolutionGuid = {0682716E-738F-4421-8B0B-F2E7E07608A8}
	EndGlobalSection
EndGlobal
