
Microsoft Visual Studio Solution File, Format Version 12.00
# Visual Studio 2013
VisualStudioVersion = 12.0.21005.1
MinimumVisualStudioVersion = 10.0.40219.1
Project("{F14B399A-7131-4C87-9E4B-1186C45EF12D}") = "LongWin.ICPDWReports.Report", "LongWin.ICPDWReports.Report\LongWin.ICPDWReports.Report.rptproj", "{5A4C461C-7813-4866-9951-643C4CA57E6D}"
EndProject
Project("{FAE04EC0-301F-11D3-BF4B-00C04F79EFBC}") = "LongWin.DataWarehouseReport.WinUI", "ICPDWReport\LongWin.DataWarehouseReport.WinUI.csproj", "{CE5F60D0-CD83-478F-B033-8E1C11D365E0}"
EndProject
Project("{FAE04EC0-301F-11D3-BF4B-00C04F79EFBC}") = "LongWin.DataWarehouseReport.ServiceInterface", "LongWin.ICPDWReportCenter.ServiceInterface\LongWin.DataWarehouseReport.ServiceInterface.csproj", "{B69A2D7D-314B-430C-B864-FB36A217B4EC}"
EndProject
Project("{FAE04EC0-301F-11D3-BF4B-00C04F79EFBC}") = "LongWin.DataWarehouseReport.ServiceComponent", "LongWin.ICPDWReportCenter.ServiceComponent\LongWin.DataWarehouseReport.ServiceComponent.csproj", "{B83ABADC-C2D8-4E56-87C1-40053ABD06E3}"
EndProject
Project("{F14B399A-7131-4C87-9E4B-1186C45EF12D}") = "LongWin.DataWarehouseReport.Report", "LongWin.ICPDWReports.Report\LongWin.DataWarehouseReport.Report.rptproj", "{75504C06-7FC8-41B8-925D-8A5BBF5BC949}"
EndProject
Project("{FAE04EC0-301F-11D3-BF4B-00C04F79EFBC}") = "LongWin.DataWarehouseReport.ToolsMethod", "LongWin.ICPDWReportCenter.ToolsMethod\LongWin.DataWarehouseReport.ToolsMethod.csproj", "{8B3BD609-DCD3-46F2-94DD-FCCF18BA738A}"
EndProject
Project("{F14B399A-7131-4C87-9E4B-1186C45EF12D}") = "LongWin.ReportCenter.Reports", "LongWin.ReportCenter.Reports\LongWin.ReportCenter.Reports.rptproj", "{331AC32C-C973-44F2-8BF4-AD6752E343AA}"
EndProject
Project("{F14B399A-7131-4C87-9E4B-1186C45EF12D}") = "LongWin.ReportCenter.ReportsACM", "LongWin.ReportCenter.ReportsACM\LongWin.ReportCenter.ReportsACM.rptproj", "{CA20BD85-8487-49E9-82BE-EDEFA47507DB}"
EndProject
Project("{F14B399A-7131-4C87-9E4B-1186C45EF12D}") = "LongWin.ReportCenter.ReportsCN", "LongWin.ReportCenter.ReportsCN\LongWin.ReportCenter.ReportsCN.rptproj", "{34B6BE09-8CB9-4A70-99A7-9F918F9C2B7C}"
EndProject
Project("{F14B399A-7131-4C87-9E4B-1186C45EF12D}") = "LongWin.ReportCenter.ReportsCRM", "LongWin.ReportCenter.ReportsCRM\LongWin.ReportCenter.ReportsCRM.rptproj", "{86B3EE54-25B8-48C6-8AFE-EF92160A6E14}"
EndProject
Project("{F14B399A-7131-4C87-9E4B-1186C45EF12D}") = "LongWin.ReportCenter.ReportsHR", "LongWin.ReportCenter.ReportsHR\LongWin.ReportCenter.ReportsHR.rptproj", "{A1105CCA-E561-4119-86C1-C58B3F5B78DD}"
EndProject
Project("{F14B399A-7131-4C87-9E4B-1186C45EF12D}") = "LongWin.ReportCenter.ReportsTR", "LongWin.ReportCenter.ReportsTR\LongWin.ReportCenter.ReportsTR.rptproj", "{3FB18073-68C3-481A-BDEA-E2EFAE0DD019}"
EndProject
Project("{F14B399A-7131-4C87-9E4B-1186C45EF12D}") = "fcmreport", "fcmreport\fcmreport.rptproj", "{987E6F1F-F471-4161-A3E4-C55CF402B825}"
EndProject
Project("{FAE04EC0-301F-11D3-BF4B-00C04F79EFBC}") = "LongWin.ReportCenter.ServiceInterface", "LongWin.ReportCenter.ServiceInterface\LongWin.ReportCenter.ServiceInterface.csproj", "{08EEB504-374A-4AE0-89F2-C2C2250D893C}"
EndProject
Project("{FAE04EC0-301F-11D3-BF4B-00C04F79EFBC}") = "LongWin.ReportCenter.ServiceComponent", "LongWin.ReportCenter.ServiceComponent\LongWin.ReportCenter.ServiceComponent.csproj", "{E09195D3-A0B7-47BA-885A-94D3132240F4}"
EndProject
Project("{FAE04EC0-301F-11D3-BF4B-00C04F79EFBC}") = "LongWin.ReportCenter.Model", "LongWin.ReportCenter.Model\LongWin.ReportCenter.Model.csproj", "{FA47F3BD-9116-417A-9C1B-78166EABACF5}"
EndProject
Project("{FAE04EC0-301F-11D3-BF4B-00C04F79EFBC}") = "LongWin.BusinessInfo.ServiceInterface", "LongWin.BusinessInfo.ServiceInterface\LongWin.BusinessInfo.ServiceInterface.csproj", "{1E016B55-1339-49D4-8670-8BFBA7EEDB4F}"
EndProject
Project("{FAE04EC0-301F-11D3-BF4B-00C04F79EFBC}") = "LongWin.BusinessInfo.ServiceComponent", "LongWin.BusinessInfo.ServiceComponent\LongWin.BusinessInfo.ServiceComponent.csproj", "{72501D93-DDDD-470D-A1B0-D531D581EE29}"
EndProject
Project("{F14B399A-7131-4C87-9E4B-1186C45EF12D}") = "报表项目1", "报表项目1\报表项目1.rptproj", "{DBF525F8-35CF-448B-AD45-2DC461ED9A1D}"
EndProject
Project("{F14B399A-7131-4C87-9E4B-1186C45EF12D}") = "AccountingReport.Import", "FAMReport\AccountingReport.Import.rptproj", "{2CB78A59-5761-4113-ADE9-AD8A15DE09B2}"
EndProject
Project("{F14B399A-7131-4C87-9E4B-1186C45EF12D}") = "BusinessReports", "BusinessReports\BusinessReports.rptproj", "{767DBCED-234B-4255-8CE4-A902C023C91C}"
EndProject
Project("{F14B399A-7131-4C87-9E4B-1186C45EF12D}") = "CRMReport", "CRMReport\CRMReport.rptproj", "{CFCF8135-9C11-4F30-89C8-8692FFE7BE17}"
EndProject
Global
	GlobalSection(TeamFoundationVersionControl) = preSolution
		SccNumberOfProjects = 23
		SccEnterpriseProvider = {4CA58AB2-18FA-4F8D-95D4-32DDF27D184C}
		SccTeamFoundationServer = http://192.168.99.21:8080/tfs/defaultcollection
		SccLocalPath0 = .
		SccProjectUniqueName1 = ICPDWReport\\LongWin.DataWarehouseReport.WinUI.csproj
		SccProjectName1 = ICPDWReport
		SccLocalPath1 = ICPDWReport
		SccProjectUniqueName2 = LongWin.ICPDWReportCenter.ServiceComponent\\LongWin.DataWarehouseReport.ServiceComponent.csproj
		SccProjectName2 = LongWin.ICPDWReportCenter.ServiceComponent
		SccLocalPath2 = LongWin.ICPDWReportCenter.ServiceComponent
		SccProjectUniqueName3 = LongWin.ICPDWReportCenter.ServiceInterface\\LongWin.DataWarehouseReport.ServiceInterface.csproj
		SccProjectName3 = LongWin.ICPDWReportCenter.ServiceInterface
		SccLocalPath3 = LongWin.ICPDWReportCenter.ServiceInterface
		SccProjectUniqueName4 = LongWin.ICPDWReportCenter.ToolsMethod\\LongWin.DataWarehouseReport.ToolsMethod.csproj
		SccProjectName4 = LongWin.ICPDWReportCenter.ToolsMethod
		SccLocalPath4 = LongWin.ICPDWReportCenter.ToolsMethod
		SccProjectUniqueName5 = LongWin.ICPDWReports.Report\\LongWin.DataWarehouseReport.Report.rptproj
		SccProjectName5 = LongWin.ICPDWReports.Report
		SccLocalPath5 = LongWin.ICPDWReports.Report
		SccProjectUniqueName6 = LongWin.ICPDWReports.Report\\LongWin.ICPDWReports.Report.rptproj
		SccProjectName6 = LongWin.ICPDWReports.Report
		SccLocalPath6 = LongWin.ICPDWReports.Report
		SccProjectUniqueName7 = LongWin.BusinessInfo.ServiceComponent\\LongWin.BusinessInfo.ServiceComponent.csproj
		SccProjectName7 = LongWin.BusinessInfo.ServiceComponent
		SccLocalPath7 = LongWin.BusinessInfo.ServiceComponent
		SccProjectUniqueName8 = LongWin.BusinessInfo.ServiceInterface\\LongWin.BusinessInfo.ServiceInterface.csproj
		SccProjectName8 = LongWin.BusinessInfo.ServiceInterface
		SccLocalPath8 = LongWin.BusinessInfo.ServiceInterface
		SccProjectUniqueName9 = LongWin.ReportCenter.Model\\LongWin.ReportCenter.Model.csproj
		SccProjectName9 = LongWin.ReportCenter.Model
		SccLocalPath9 = LongWin.ReportCenter.Model
		SccProjectUniqueName10 = LongWin.ReportCenter.Reports\\LongWin.ReportCenter.Reports.rptproj
		SccProjectName10 = LongWin.ReportCenter.Reports
		SccLocalPath10 = LongWin.ReportCenter.Reports
		SccProjectUniqueName11 = LongWin.ReportCenter.ReportsACM\\LongWin.ReportCenter.ReportsACM.rptproj
		SccProjectName11 = LongWin.ReportCenter.ReportsACM
		SccLocalPath11 = LongWin.ReportCenter.ReportsACM
		SccProjectUniqueName12 = LongWin.ReportCenter.ReportsCN\\LongWin.ReportCenter.ReportsCN.rptproj
		SccProjectName12 = LongWin.ReportCenter.ReportsCN
		SccLocalPath12 = LongWin.ReportCenter.ReportsCN
		SccProjectUniqueName13 = LongWin.ReportCenter.ReportsCRM\\LongWin.ReportCenter.ReportsCRM.rptproj
		SccProjectName13 = LongWin.ReportCenter.ReportsCRM
		SccLocalPath13 = LongWin.ReportCenter.ReportsCRM
		SccProjectUniqueName14 = LongWin.ReportCenter.ReportsHR\\LongWin.ReportCenter.ReportsHR.rptproj
		SccProjectName14 = LongWin.ReportCenter.ReportsHR
		SccLocalPath14 = LongWin.ReportCenter.ReportsHR
		SccProjectUniqueName15 = LongWin.ReportCenter.ReportsTR\\LongWin.ReportCenter.ReportsTR.rptproj
		SccProjectName15 = LongWin.ReportCenter.ReportsTR
		SccLocalPath15 = LongWin.ReportCenter.ReportsTR
		SccProjectUniqueName16 = LongWin.ReportCenter.ServiceComponent\\LongWin.ReportCenter.ServiceComponent.csproj
		SccProjectName16 = LongWin.ReportCenter.ServiceComponent
		SccLocalPath16 = LongWin.ReportCenter.ServiceComponent
		SccProjectUniqueName17 = LongWin.ReportCenter.ServiceInterface\\LongWin.ReportCenter.ServiceInterface.csproj
		SccProjectName17 = LongWin.ReportCenter.ServiceInterface
		SccLocalPath17 = LongWin.ReportCenter.ServiceInterface
		SccProjectUniqueName18 = fcmreport\\fcmreport.rptproj
		SccProjectName18 = fcmreport
		SccLocalPath18 = fcmreport
		SccProjectUniqueName19 = 报表项目1\\报表项目1.rptproj
		SccProjectName19 = 报表项目1
		SccLocalPath19 = 报表项目1
		SccProjectUniqueName20 = BusinessReports\\BusinessReports.rptproj
		SccProjectName20 = BusinessReports
		SccLocalPath20 = BusinessReports
		SccProjectUniqueName21 = FAMReport\\AccountingReport.Import.rptproj
		SccProjectName21 = FAMReport
		SccLocalPath21 = FAMReport
		SccProjectUniqueName22 = CRMReport\\CRMReport.rptproj
		SccProjectName22 = CRMReport
		SccLocalPath22 = CRMReport
	EndGlobalSection
	GlobalSection(SolutionConfigurationPlatforms) = preSolution
		Debug|Any CPU = Debug|Any CPU
		DebugLocal|Any CPU = DebugLocal|Any CPU
		Production|Any CPU = Production|Any CPU
		Release|Any CPU = Release|Any CPU
	EndGlobalSection
	GlobalSection(ProjectConfigurationPlatforms) = postSolution
		{5A4C461C-7813-4866-9951-643C4CA57E6D}.Debug|Any CPU.ActiveCfg = Debug
		{5A4C461C-7813-4866-9951-643C4CA57E6D}.Debug|Any CPU.Build.0 = Debug
		{5A4C461C-7813-4866-9951-643C4CA57E6D}.Debug|Any CPU.Deploy.0 = Debug
		{5A4C461C-7813-4866-9951-643C4CA57E6D}.DebugLocal|Any CPU.ActiveCfg = DebugLocal
		{5A4C461C-7813-4866-9951-643C4CA57E6D}.DebugLocal|Any CPU.Build.0 = DebugLocal
		{5A4C461C-7813-4866-9951-643C4CA57E6D}.DebugLocal|Any CPU.Deploy.0 = DebugLocal
		{5A4C461C-7813-4866-9951-643C4CA57E6D}.Production|Any CPU.ActiveCfg = Production
		{5A4C461C-7813-4866-9951-643C4CA57E6D}.Production|Any CPU.Build.0 = Production
		{5A4C461C-7813-4866-9951-643C4CA57E6D}.Production|Any CPU.Deploy.0 = Production
		{5A4C461C-7813-4866-9951-643C4CA57E6D}.Release|Any CPU.ActiveCfg = Production
		{5A4C461C-7813-4866-9951-643C4CA57E6D}.Release|Any CPU.Build.0 = Production
		{5A4C461C-7813-4866-9951-643C4CA57E6D}.Release|Any CPU.Deploy.0 = Production
		{CE5F60D0-CD83-478F-B033-8E1C11D365E0}.Debug|Any CPU.ActiveCfg = Debug|Any CPU
		{CE5F60D0-CD83-478F-B033-8E1C11D365E0}.DebugLocal|Any CPU.ActiveCfg = Debug|Any CPU
		{CE5F60D0-CD83-478F-B033-8E1C11D365E0}.DebugLocal|Any CPU.Build.0 = Debug|Any CPU
		{CE5F60D0-CD83-478F-B033-8E1C11D365E0}.Production|Any CPU.ActiveCfg = Release|Any CPU
		{CE5F60D0-CD83-478F-B033-8E1C11D365E0}.Production|Any CPU.Build.0 = Release|Any CPU
		{CE5F60D0-CD83-478F-B033-8E1C11D365E0}.Release|Any CPU.ActiveCfg = Release|Any CPU
		{CE5F60D0-CD83-478F-B033-8E1C11D365E0}.Release|Any CPU.Build.0 = Release|Any CPU
		{B69A2D7D-314B-430C-B864-FB36A217B4EC}.Debug|Any CPU.ActiveCfg = Debug|Any CPU
		{B69A2D7D-314B-430C-B864-FB36A217B4EC}.DebugLocal|Any CPU.ActiveCfg = Debug|Any CPU
		{B69A2D7D-314B-430C-B864-FB36A217B4EC}.DebugLocal|Any CPU.Build.0 = Debug|Any CPU
		{B69A2D7D-314B-430C-B864-FB36A217B4EC}.Production|Any CPU.ActiveCfg = Release|Any CPU
		{B69A2D7D-314B-430C-B864-FB36A217B4EC}.Production|Any CPU.Build.0 = Release|Any CPU
		{B69A2D7D-314B-430C-B864-FB36A217B4EC}.Release|Any CPU.ActiveCfg = Release|Any CPU
		{B69A2D7D-314B-430C-B864-FB36A217B4EC}.Release|Any CPU.Build.0 = Release|Any CPU
		{B83ABADC-C2D8-4E56-87C1-40053ABD06E3}.Debug|Any CPU.ActiveCfg = Debug|Any CPU
		{B83ABADC-C2D8-4E56-87C1-40053ABD06E3}.DebugLocal|Any CPU.ActiveCfg = Debug|Any CPU
		{B83ABADC-C2D8-4E56-87C1-40053ABD06E3}.DebugLocal|Any CPU.Build.0 = Debug|Any CPU
		{B83ABADC-C2D8-4E56-87C1-40053ABD06E3}.Production|Any CPU.ActiveCfg = Release|Any CPU
		{B83ABADC-C2D8-4E56-87C1-40053ABD06E3}.Production|Any CPU.Build.0 = Release|Any CPU
		{B83ABADC-C2D8-4E56-87C1-40053ABD06E3}.Release|Any CPU.ActiveCfg = Release|Any CPU
		{B83ABADC-C2D8-4E56-87C1-40053ABD06E3}.Release|Any CPU.Build.0 = Release|Any CPU
		{75504C06-7FC8-41B8-925D-8A5BBF5BC949}.Debug|Any CPU.ActiveCfg = DebugLocal
		{75504C06-7FC8-41B8-925D-8A5BBF5BC949}.DebugLocal|Any CPU.ActiveCfg = DebugLocal
		{75504C06-7FC8-41B8-925D-8A5BBF5BC949}.DebugLocal|Any CPU.Build.0 = DebugLocal
		{75504C06-7FC8-41B8-925D-8A5BBF5BC949}.Production|Any CPU.ActiveCfg = Production
		{75504C06-7FC8-41B8-925D-8A5BBF5BC949}.Production|Any CPU.Build.0 = Production
		{75504C06-7FC8-41B8-925D-8A5BBF5BC949}.Production|Any CPU.Deploy.0 = Production
		{75504C06-7FC8-41B8-925D-8A5BBF5BC949}.Release|Any CPU.ActiveCfg = Production
		{75504C06-7FC8-41B8-925D-8A5BBF5BC949}.Release|Any CPU.Build.0 = Production
		{75504C06-7FC8-41B8-925D-8A5BBF5BC949}.Release|Any CPU.Deploy.0 = Production
		{8B3BD609-DCD3-46F2-94DD-FCCF18BA738A}.Debug|Any CPU.ActiveCfg = Release|Any CPU
		{8B3BD609-DCD3-46F2-94DD-FCCF18BA738A}.Debug|Any CPU.Deploy.0 = Release|Any CPU
		{8B3BD609-DCD3-46F2-94DD-FCCF18BA738A}.DebugLocal|Any CPU.ActiveCfg = Debug|Any CPU
		{8B3BD609-DCD3-46F2-94DD-FCCF18BA738A}.DebugLocal|Any CPU.Build.0 = Debug|Any CPU
		{8B3BD609-DCD3-46F2-94DD-FCCF18BA738A}.Production|Any CPU.ActiveCfg = Release|Any CPU
		{8B3BD609-DCD3-46F2-94DD-FCCF18BA738A}.Production|Any CPU.Build.0 = Release|Any CPU
		{8B3BD609-DCD3-46F2-94DD-FCCF18BA738A}.Release|Any CPU.ActiveCfg = Release|Any CPU
		{8B3BD609-DCD3-46F2-94DD-FCCF18BA738A}.Release|Any CPU.Build.0 = Release|Any CPU
		{331AC32C-C973-44F2-8BF4-AD6752E343AA}.Debug|Any CPU.ActiveCfg = DebugLocal
		{331AC32C-C973-44F2-8BF4-AD6752E343AA}.DebugLocal|Any CPU.ActiveCfg = DebugLocal
		{331AC32C-C973-44F2-8BF4-AD6752E343AA}.DebugLocal|Any CPU.Build.0 = DebugLocal
		{331AC32C-C973-44F2-8BF4-AD6752E343AA}.DebugLocal|Any CPU.Deploy.0 = DebugLocal
		{331AC32C-C973-44F2-8BF4-AD6752E343AA}.Production|Any CPU.ActiveCfg = Production
		{331AC32C-C973-44F2-8BF4-AD6752E343AA}.Production|Any CPU.Build.0 = Production
		{331AC32C-C973-44F2-8BF4-AD6752E343AA}.Production|Any CPU.Deploy.0 = Production
		{331AC32C-C973-44F2-8BF4-AD6752E343AA}.Release|Any CPU.ActiveCfg = Production
		{331AC32C-C973-44F2-8BF4-AD6752E343AA}.Release|Any CPU.Build.0 = Production
		{331AC32C-C973-44F2-8BF4-AD6752E343AA}.Release|Any CPU.Deploy.0 = Production
		{CA20BD85-8487-49E9-82BE-EDEFA47507DB}.Debug|Any CPU.ActiveCfg = DebugLocal
		{CA20BD85-8487-49E9-82BE-EDEFA47507DB}.DebugLocal|Any CPU.ActiveCfg = DebugLocal
		{CA20BD85-8487-49E9-82BE-EDEFA47507DB}.DebugLocal|Any CPU.Build.0 = DebugLocal
		{CA20BD85-8487-49E9-82BE-EDEFA47507DB}.DebugLocal|Any CPU.Deploy.0 = DebugLocal
		{CA20BD85-8487-49E9-82BE-EDEFA47507DB}.Production|Any CPU.ActiveCfg = Production
		{CA20BD85-8487-49E9-82BE-EDEFA47507DB}.Production|Any CPU.Build.0 = Production
		{CA20BD85-8487-49E9-82BE-EDEFA47507DB}.Production|Any CPU.Deploy.0 = Production
		{CA20BD85-8487-49E9-82BE-EDEFA47507DB}.Release|Any CPU.ActiveCfg = Production
		{CA20BD85-8487-49E9-82BE-EDEFA47507DB}.Release|Any CPU.Build.0 = Production
		{CA20BD85-8487-49E9-82BE-EDEFA47507DB}.Release|Any CPU.Deploy.0 = Production
		{34B6BE09-8CB9-4A70-99A7-9F918F9C2B7C}.Debug|Any CPU.ActiveCfg = DebugLocal
		{34B6BE09-8CB9-4A70-99A7-9F918F9C2B7C}.DebugLocal|Any CPU.ActiveCfg = DebugLocal
		{34B6BE09-8CB9-4A70-99A7-9F918F9C2B7C}.DebugLocal|Any CPU.Build.0 = DebugLocal
		{34B6BE09-8CB9-4A70-99A7-9F918F9C2B7C}.DebugLocal|Any CPU.Deploy.0 = DebugLocal
		{34B6BE09-8CB9-4A70-99A7-9F918F9C2B7C}.Production|Any CPU.ActiveCfg = Production
		{34B6BE09-8CB9-4A70-99A7-9F918F9C2B7C}.Production|Any CPU.Build.0 = Production
		{34B6BE09-8CB9-4A70-99A7-9F918F9C2B7C}.Production|Any CPU.Deploy.0 = Production
		{34B6BE09-8CB9-4A70-99A7-9F918F9C2B7C}.Release|Any CPU.ActiveCfg = Production
		{34B6BE09-8CB9-4A70-99A7-9F918F9C2B7C}.Release|Any CPU.Build.0 = Production
		{34B6BE09-8CB9-4A70-99A7-9F918F9C2B7C}.Release|Any CPU.Deploy.0 = Production
		{86B3EE54-25B8-48C6-8AFE-EF92160A6E14}.Debug|Any CPU.ActiveCfg = DebugLocal
		{86B3EE54-25B8-48C6-8AFE-EF92160A6E14}.DebugLocal|Any CPU.ActiveCfg = DebugLocal
		{86B3EE54-25B8-48C6-8AFE-EF92160A6E14}.DebugLocal|Any CPU.Build.0 = DebugLocal
		{86B3EE54-25B8-48C6-8AFE-EF92160A6E14}.DebugLocal|Any CPU.Deploy.0 = DebugLocal
		{86B3EE54-25B8-48C6-8AFE-EF92160A6E14}.Production|Any CPU.ActiveCfg = Production
		{86B3EE54-25B8-48C6-8AFE-EF92160A6E14}.Production|Any CPU.Build.0 = Production
		{86B3EE54-25B8-48C6-8AFE-EF92160A6E14}.Production|Any CPU.Deploy.0 = Production
		{86B3EE54-25B8-48C6-8AFE-EF92160A6E14}.Release|Any CPU.ActiveCfg = Production
		{86B3EE54-25B8-48C6-8AFE-EF92160A6E14}.Release|Any CPU.Build.0 = Production
		{86B3EE54-25B8-48C6-8AFE-EF92160A6E14}.Release|Any CPU.Deploy.0 = Production
		{A1105CCA-E561-4119-86C1-C58B3F5B78DD}.Debug|Any CPU.ActiveCfg = DebugLocal
		{A1105CCA-E561-4119-86C1-C58B3F5B78DD}.DebugLocal|Any CPU.ActiveCfg = DebugLocal
		{A1105CCA-E561-4119-86C1-C58B3F5B78DD}.DebugLocal|Any CPU.Build.0 = DebugLocal
		{A1105CCA-E561-4119-86C1-C58B3F5B78DD}.DebugLocal|Any CPU.Deploy.0 = DebugLocal
		{A1105CCA-E561-4119-86C1-C58B3F5B78DD}.Production|Any CPU.ActiveCfg = Production
		{A1105CCA-E561-4119-86C1-C58B3F5B78DD}.Production|Any CPU.Build.0 = Production
		{A1105CCA-E561-4119-86C1-C58B3F5B78DD}.Production|Any CPU.Deploy.0 = Production
		{A1105CCA-E561-4119-86C1-C58B3F5B78DD}.Release|Any CPU.ActiveCfg = Production
		{A1105CCA-E561-4119-86C1-C58B3F5B78DD}.Release|Any CPU.Build.0 = Production
		{A1105CCA-E561-4119-86C1-C58B3F5B78DD}.Release|Any CPU.Deploy.0 = Production
		{3FB18073-68C3-481A-BDEA-E2EFAE0DD019}.Debug|Any CPU.ActiveCfg = DebugLocal
		{3FB18073-68C3-481A-BDEA-E2EFAE0DD019}.DebugLocal|Any CPU.ActiveCfg = DebugLocal
		{3FB18073-68C3-481A-BDEA-E2EFAE0DD019}.DebugLocal|Any CPU.Build.0 = DebugLocal
		{3FB18073-68C3-481A-BDEA-E2EFAE0DD019}.DebugLocal|Any CPU.Deploy.0 = DebugLocal
		{3FB18073-68C3-481A-BDEA-E2EFAE0DD019}.Production|Any CPU.ActiveCfg = Production
		{3FB18073-68C3-481A-BDEA-E2EFAE0DD019}.Production|Any CPU.Build.0 = Production
		{3FB18073-68C3-481A-BDEA-E2EFAE0DD019}.Production|Any CPU.Deploy.0 = Production
		{3FB18073-68C3-481A-BDEA-E2EFAE0DD019}.Release|Any CPU.ActiveCfg = Production
		{3FB18073-68C3-481A-BDEA-E2EFAE0DD019}.Release|Any CPU.Build.0 = Production
		{3FB18073-68C3-481A-BDEA-E2EFAE0DD019}.Release|Any CPU.Deploy.0 = Production
		{987E6F1F-F471-4161-A3E4-C55CF402B825}.Debug|Any CPU.ActiveCfg = DebugLocal
		{987E6F1F-F471-4161-A3E4-C55CF402B825}.DebugLocal|Any CPU.ActiveCfg = DebugLocal
		{987E6F1F-F471-4161-A3E4-C55CF402B825}.DebugLocal|Any CPU.Build.0 = DebugLocal
		{987E6F1F-F471-4161-A3E4-C55CF402B825}.DebugLocal|Any CPU.Deploy.0 = DebugLocal
		{987E6F1F-F471-4161-A3E4-C55CF402B825}.Production|Any CPU.ActiveCfg = Production
		{987E6F1F-F471-4161-A3E4-C55CF402B825}.Production|Any CPU.Build.0 = Production
		{987E6F1F-F471-4161-A3E4-C55CF402B825}.Production|Any CPU.Deploy.0 = Production
		{987E6F1F-F471-4161-A3E4-C55CF402B825}.Release|Any CPU.ActiveCfg = Production
		{987E6F1F-F471-4161-A3E4-C55CF402B825}.Release|Any CPU.Build.0 = Production
		{987E6F1F-F471-4161-A3E4-C55CF402B825}.Release|Any CPU.Deploy.0 = Production
		{08EEB504-374A-4AE0-89F2-C2C2250D893C}.Debug|Any CPU.ActiveCfg = Debug|Any CPU
		{08EEB504-374A-4AE0-89F2-C2C2250D893C}.DebugLocal|Any CPU.ActiveCfg = Debug|Any CPU
		{08EEB504-374A-4AE0-89F2-C2C2250D893C}.DebugLocal|Any CPU.Build.0 = Debug|Any CPU
		{08EEB504-374A-4AE0-89F2-C2C2250D893C}.Production|Any CPU.ActiveCfg = Release|Any CPU
		{08EEB504-374A-4AE0-89F2-C2C2250D893C}.Production|Any CPU.Build.0 = Release|Any CPU
		{08EEB504-374A-4AE0-89F2-C2C2250D893C}.Release|Any CPU.ActiveCfg = Release|Any CPU
		{08EEB504-374A-4AE0-89F2-C2C2250D893C}.Release|Any CPU.Build.0 = Release|Any CPU
		{E09195D3-A0B7-47BA-885A-94D3132240F4}.Debug|Any CPU.ActiveCfg = Debug|Any CPU
		{E09195D3-A0B7-47BA-885A-94D3132240F4}.DebugLocal|Any CPU.ActiveCfg = Debug|Any CPU
		{E09195D3-A0B7-47BA-885A-94D3132240F4}.DebugLocal|Any CPU.Build.0 = Debug|Any CPU
		{E09195D3-A0B7-47BA-885A-94D3132240F4}.Production|Any CPU.ActiveCfg = Release|Any CPU
		{E09195D3-A0B7-47BA-885A-94D3132240F4}.Production|Any CPU.Build.0 = Release|Any CPU
		{E09195D3-A0B7-47BA-885A-94D3132240F4}.Release|Any CPU.ActiveCfg = Release|Any CPU
		{E09195D3-A0B7-47BA-885A-94D3132240F4}.Release|Any CPU.Build.0 = Release|Any CPU
		{FA47F3BD-9116-417A-9C1B-78166EABACF5}.Debug|Any CPU.ActiveCfg = Debug|Any CPU
		{FA47F3BD-9116-417A-9C1B-78166EABACF5}.DebugLocal|Any CPU.ActiveCfg = Debug|Any CPU
		{FA47F3BD-9116-417A-9C1B-78166EABACF5}.DebugLocal|Any CPU.Build.0 = Debug|Any CPU
		{FA47F3BD-9116-417A-9C1B-78166EABACF5}.Production|Any CPU.ActiveCfg = Release|Any CPU
		{FA47F3BD-9116-417A-9C1B-78166EABACF5}.Production|Any CPU.Build.0 = Release|Any CPU
		{FA47F3BD-9116-417A-9C1B-78166EABACF5}.Release|Any CPU.ActiveCfg = Release|Any CPU
		{FA47F3BD-9116-417A-9C1B-78166EABACF5}.Release|Any CPU.Build.0 = Release|Any CPU
		{1E016B55-1339-49D4-8670-8BFBA7EEDB4F}.Debug|Any CPU.ActiveCfg = Debug|Any CPU
		{1E016B55-1339-49D4-8670-8BFBA7EEDB4F}.DebugLocal|Any CPU.ActiveCfg = Debug|Any CPU
		{1E016B55-1339-49D4-8670-8BFBA7EEDB4F}.DebugLocal|Any CPU.Build.0 = Debug|Any CPU
		{1E016B55-1339-49D4-8670-8BFBA7EEDB4F}.Production|Any CPU.ActiveCfg = Release|Any CPU
		{1E016B55-1339-49D4-8670-8BFBA7EEDB4F}.Production|Any CPU.Build.0 = Release|Any CPU
		{1E016B55-1339-49D4-8670-8BFBA7EEDB4F}.Release|Any CPU.ActiveCfg = Release|Any CPU
		{1E016B55-1339-49D4-8670-8BFBA7EEDB4F}.Release|Any CPU.Build.0 = Release|Any CPU
		{72501D93-DDDD-470D-A1B0-D531D581EE29}.Debug|Any CPU.ActiveCfg = Debug|Any CPU
		{72501D93-DDDD-470D-A1B0-D531D581EE29}.DebugLocal|Any CPU.ActiveCfg = Debug|Any CPU
		{72501D93-DDDD-470D-A1B0-D531D581EE29}.DebugLocal|Any CPU.Build.0 = Debug|Any CPU
		{72501D93-DDDD-470D-A1B0-D531D581EE29}.Production|Any CPU.ActiveCfg = Release|Any CPU
		{72501D93-DDDD-470D-A1B0-D531D581EE29}.Production|Any CPU.Build.0 = Release|Any CPU
		{72501D93-DDDD-470D-A1B0-D531D581EE29}.Release|Any CPU.ActiveCfg = Release|Any CPU
		{72501D93-DDDD-470D-A1B0-D531D581EE29}.Release|Any CPU.Build.0 = Release|Any CPU
		{DBF525F8-35CF-448B-AD45-2DC461ED9A1D}.Debug|Any CPU.ActiveCfg = Debug
		{DBF525F8-35CF-448B-AD45-2DC461ED9A1D}.DebugLocal|Any CPU.ActiveCfg = DebugLocal
		{DBF525F8-35CF-448B-AD45-2DC461ED9A1D}.DebugLocal|Any CPU.Build.0 = DebugLocal
		{DBF525F8-35CF-448B-AD45-2DC461ED9A1D}.Production|Any CPU.ActiveCfg = Release
		{DBF525F8-35CF-448B-AD45-2DC461ED9A1D}.Production|Any CPU.Build.0 = Release
		{DBF525F8-35CF-448B-AD45-2DC461ED9A1D}.Production|Any CPU.Deploy.0 = Release
		{DBF525F8-35CF-448B-AD45-2DC461ED9A1D}.Release|Any CPU.ActiveCfg = Release
		{DBF525F8-35CF-448B-AD45-2DC461ED9A1D}.Release|Any CPU.Build.0 = Release
		{DBF525F8-35CF-448B-AD45-2DC461ED9A1D}.Release|Any CPU.Deploy.0 = Release
		{2CB78A59-5761-4113-ADE9-AD8A15DE09B2}.Debug|Any CPU.ActiveCfg = Debug
		{2CB78A59-5761-4113-ADE9-AD8A15DE09B2}.Debug|Any CPU.Build.0 = Debug
		{2CB78A59-5761-4113-ADE9-AD8A15DE09B2}.Debug|Any CPU.Deploy.0 = Debug
		{2CB78A59-5761-4113-ADE9-AD8A15DE09B2}.DebugLocal|Any CPU.ActiveCfg = DebugLocal
		{2CB78A59-5761-4113-ADE9-AD8A15DE09B2}.DebugLocal|Any CPU.Build.0 = DebugLocal
		{2CB78A59-5761-4113-ADE9-AD8A15DE09B2}.Production|Any CPU.ActiveCfg = Release
		{2CB78A59-5761-4113-ADE9-AD8A15DE09B2}.Production|Any CPU.Build.0 = Release
		{2CB78A59-5761-4113-ADE9-AD8A15DE09B2}.Production|Any CPU.Deploy.0 = Release
		{2CB78A59-5761-4113-ADE9-AD8A15DE09B2}.Release|Any CPU.ActiveCfg = Release
		{2CB78A59-5761-4113-ADE9-AD8A15DE09B2}.Release|Any CPU.Build.0 = Release
		{2CB78A59-5761-4113-ADE9-AD8A15DE09B2}.Release|Any CPU.Deploy.0 = Release
		{767DBCED-234B-4255-8CE4-A902C023C91C}.Debug|Any CPU.ActiveCfg = Debug
		{767DBCED-234B-4255-8CE4-A902C023C91C}.Debug|Any CPU.Build.0 = Debug
		{767DBCED-234B-4255-8CE4-A902C023C91C}.Debug|Any CPU.Deploy.0 = Debug
		{767DBCED-234B-4255-8CE4-A902C023C91C}.DebugLocal|Any CPU.ActiveCfg = DebugLocal
		{767DBCED-234B-4255-8CE4-A902C023C91C}.DebugLocal|Any CPU.Build.0 = DebugLocal
		{767DBCED-234B-4255-8CE4-A902C023C91C}.Production|Any CPU.ActiveCfg = Release
		{767DBCED-234B-4255-8CE4-A902C023C91C}.Production|Any CPU.Build.0 = Release
		{767DBCED-234B-4255-8CE4-A902C023C91C}.Production|Any CPU.Deploy.0 = Release
		{767DBCED-234B-4255-8CE4-A902C023C91C}.Release|Any CPU.ActiveCfg = Release
		{767DBCED-234B-4255-8CE4-A902C023C91C}.Release|Any CPU.Build.0 = Release
		{767DBCED-234B-4255-8CE4-A902C023C91C}.Release|Any CPU.Deploy.0 = Release
		{CFCF8135-9C11-4F30-89C8-8692FFE7BE17}.Debug|Any CPU.ActiveCfg = Debug
		{CFCF8135-9C11-4F30-89C8-8692FFE7BE17}.Debug|Any CPU.Build.0 = Debug
		{CFCF8135-9C11-4F30-89C8-8692FFE7BE17}.Debug|Any CPU.Deploy.0 = Debug
		{CFCF8135-9C11-4F30-89C8-8692FFE7BE17}.DebugLocal|Any CPU.ActiveCfg = DebugLocal
		{CFCF8135-9C11-4F30-89C8-8692FFE7BE17}.DebugLocal|Any CPU.Build.0 = DebugLocal
		{CFCF8135-9C11-4F30-89C8-8692FFE7BE17}.Production|Any CPU.ActiveCfg = Release
		{CFCF8135-9C11-4F30-89C8-8692FFE7BE17}.Production|Any CPU.Build.0 = Release
		{CFCF8135-9C11-4F30-89C8-8692FFE7BE17}.Production|Any CPU.Deploy.0 = Release
		{CFCF8135-9C11-4F30-89C8-8692FFE7BE17}.Release|Any CPU.ActiveCfg = Release
		{CFCF8135-9C11-4F30-89C8-8692FFE7BE17}.Release|Any CPU.Build.0 = Release
		{CFCF8135-9C11-4F30-89C8-8692FFE7BE17}.Release|Any CPU.Deploy.0 = Release
	EndGlobalSection
	GlobalSection(SolutionProperties) = preSolution
		HideSolutionNode = FALSE
	EndGlobalSection
EndGlobal
