
Microsoft Visual Studio Solution File, Format Version 12.00
# Visual Studio 2013
VisualStudioVersion = 12.0.21005.1
MinimumVisualStudioVersion = 10.0.40219.1
Project("{FAE04EC0-301F-11D3-BF4B-00C04F79EFBC}") = "ICP.ReportCenter.UI", "ICP.ReportCenter.UI\ICP.ReportCenter.UI.csproj", "{E64762C1-DEE3-462B-B9B7-16D9D0A66793}"
EndProject
Project("{FAE04EC0-301F-11D3-BF4B-00C04F79EFBC}") = "ICP.ReportCenter.ServiceInterface", "ICP.ReportCenter.ServiceInterface\ICP.ReportCenter.ServiceInterface.csproj", "{31CA6EBB-D37B-4DA0-88E7-97578F7AC128}"
EndProject
Project("{FAE04EC0-301F-11D3-BF4B-00C04F79EFBC}") = "ICP.ReportCenter.ServiceComponent", "ICP.ReportCenter.ServiceComponent\ICP.ReportCenter.ServiceComponent.csproj", "{BBE3F1D9-501A-4C1A-A4F6-D1268B1FB413}"
EndProject
Global
	GlobalSection(TeamFoundationVersionControl) = preSolution
		SccNumberOfProjects = 4
		SccEnterpriseProvider = {4CA58AB2-18FA-4F8D-95D4-32DDF27D184C}
		SccTeamFoundationServer = http://192.168.0.51:8080/tfs/defaultcollection
		SccLocalPath0 = .
		SccProjectUniqueName1 = ICP.ReportCenter.ServiceComponent\\ICP.ReportCenter.ServiceComponent.csproj
		SccProjectName1 = ICP.ReportCenter.ServiceComponent
		SccLocalPath1 = ICP.ReportCenter.ServiceComponent
		SccProjectUniqueName2 = ICP.ReportCenter.ServiceInterface\\ICP.ReportCenter.ServiceInterface.csproj
		SccProjectName2 = ICP.ReportCenter.ServiceInterface
		SccLocalPath2 = ICP.ReportCenter.ServiceInterface
		SccProjectUniqueName3 = ICP.ReportCenter.UI\\ICP.ReportCenter.UI.csproj
		SccProjectName3 = ICP.ReportCenter.UI
		SccLocalPath3 = ICP.ReportCenter.UI
	EndGlobalSection
	GlobalSection(SolutionConfigurationPlatforms) = preSolution
		Debug|Any CPU = Debug|Any CPU
		Release|Any CPU = Release|Any CPU
	EndGlobalSection
	GlobalSection(ProjectConfigurationPlatforms) = postSolution
		{E64762C1-DEE3-462B-B9B7-16D9D0A66793}.Debug|Any CPU.ActiveCfg = Debug|Any CPU
		{E64762C1-DEE3-462B-B9B7-16D9D0A66793}.Debug|Any CPU.Build.0 = Debug|Any CPU
		{E64762C1-DEE3-462B-B9B7-16D9D0A66793}.Release|Any CPU.ActiveCfg = Release|Any CPU
		{E64762C1-DEE3-462B-B9B7-16D9D0A66793}.Release|Any CPU.Build.0 = Release|Any CPU
		{31CA6EBB-D37B-4DA0-88E7-97578F7AC128}.Debug|Any CPU.ActiveCfg = Debug|Any CPU
		{31CA6EBB-D37B-4DA0-88E7-97578F7AC128}.Debug|Any CPU.Build.0 = Debug|Any CPU
		{31CA6EBB-D37B-4DA0-88E7-97578F7AC128}.Release|Any CPU.ActiveCfg = Release|Any CPU
		{31CA6EBB-D37B-4DA0-88E7-97578F7AC128}.Release|Any CPU.Build.0 = Release|Any CPU
		{BBE3F1D9-501A-4C1A-A4F6-D1268B1FB413}.Debug|Any CPU.ActiveCfg = Debug|Any CPU
		{BBE3F1D9-501A-4C1A-A4F6-D1268B1FB413}.Debug|Any CPU.Build.0 = Debug|Any CPU
		{BBE3F1D9-501A-4C1A-A4F6-D1268B1FB413}.Release|Any CPU.ActiveCfg = Release|Any CPU
		{BBE3F1D9-501A-4C1A-A4F6-D1268B1FB413}.Release|Any CPU.Build.0 = Release|Any CPU
	EndGlobalSection
	GlobalSection(SolutionProperties) = preSolution
		HideSolutionNode = FALSE
	EndGlobalSection
EndGlobal
