
Microsoft Visual Studio Solution File, Format Version 12.00
# Visual Studio 2013
VisualStudioVersion = 12.0.40629.0
MinimumVisualStudioVersion = 10.0.40219.1
Project("{FAE04EC0-301F-11D3-BF4B-00C04F79EFBC}") = "Cityocean.Crawl.CommonLibrary", "Cityocean.Crawl.CommonLibrary\Cityocean.Crawl.CommonLibrary.csproj", "{04AAFD01-D865-41B2-9963-A8A7C513AAB2}"
EndProject
Project("{FAE04EC0-301F-11D3-BF4B-00C04F79EFBC}") = "Cityocean.Crawl.LogComponents", "Cityocean.Crawl.LogComponents\Cityocean.Crawl.LogComponents.csproj", "{77A63F39-6679-4E36-8520-9614587D8C77}"
EndProject
Project("{FAE04EC0-301F-11D3-BF4B-00C04F79EFBC}") = "Cityocean.Crawl.CommonTool", "Cityocean.Crawl.CommonTool\Cityocean.Crawl.CommonTool.csproj", "{C65270BE-F60B-4E67-8996-420887436A67}"
EndProject
Project("{FAE04EC0-301F-11D3-BF4B-00C04F79EFBC}") = "Cityocean.Crawl.NoticeComponents", "Cityocean.Crawl.NoticeComponents\Cityocean.Crawl.NoticeComponents.csproj", "{566A1F70-3253-4D24-B362-8FE0E08A5213}"
EndProject
Project("{FAE04EC0-301F-11D3-BF4B-00C04F79EFBC}") = "Cityocean.Crawl.ServerComponents", "Cityocean.Crawl.ServerComponents\Cityocean.Crawl.ServerComponents.csproj", "{7CC1302D-4001-4C65-B427-7D5761CA821D}"
EndProject
Project("{FAE04EC0-301F-11D3-BF4B-00C04F79EFBC}") = "Cityocean.Crawl.ServiceInterface", "Cityocean.Crawl.ServiceInterface\Cityocean.Crawl.ServiceInterface.csproj", "{F1AB03CD-CF9C-464B-8EFB-615B56B39DA6}"
EndProject
Project("{FAE04EC0-301F-11D3-BF4B-00C04F79EFBC}") = "Cityocean.Crawl.WindowsService", "Cityocean.Crawl.WindowsService\Cityocean.Crawl.WindowsService.csproj", "{931429A2-7834-40FE-9919-56F8EB107522}"
EndProject
Project("{FAE04EC0-301F-11D3-BF4B-00C04F79EFBC}") = "Cityocean.Crawl.JobSchedule", "Cityocean.Crawl.JobComponents\Cityocean.Crawl.JobSchedule.csproj", "{82F1BB89-7657-40D8-BEA6-1D106EC29851}"
EndProject
Project("{FAE04EC0-301F-11D3-BF4B-00C04F79EFBC}") = "Cityocean.TaskSchedule.Client", "Cityocean.TaskSchedule.Client\Cityocean.TaskSchedule.Client.csproj", "{A4DF522C-B7E6-4562-A9EE-F858D14B6A2D}"
EndProject
Project("{FAE04EC0-301F-11D3-BF4B-00C04F79EFBC}") = "Cityocean.TaskSchedule.Website", "Cityocean.TaskSchedule.Website\Cityocean.TaskSchedule.Website.csproj", "{1D6CBD8B-4F3D-45C8-8215-5A6A890BC63E}"
EndProject
Global
	GlobalSection(TeamFoundationVersionControl) = preSolution
		SccNumberOfProjects = 11
		SccEnterpriseProvider = {4CA58AB2-18FA-4F8D-95D4-32DDF27D184C}
		SccTeamFoundationServer = http://192.168.0.16:8080/tfs/defaultcollection
		SccProjectUniqueName0 = Cityocean.Crawl.CommonLibrary\\Cityocean.Crawl.CommonLibrary.csproj
		SccProjectName0 = Cityocean.Crawl.CommonLibrary
		SccLocalPath0 = Cityocean.Crawl.CommonLibrary
		SccProjectUniqueName1 = Cityocean.Crawl.LogComponents\\Cityocean.Crawl.LogComponents.csproj
		SccProjectName1 = Cityocean.Crawl.LogComponents
		SccLocalPath1 = Cityocean.Crawl.LogComponents
		SccProjectUniqueName2 = Cityocean.Crawl.CommonTool\\Cityocean.Crawl.CommonTool.csproj
		SccProjectName2 = Cityocean.Crawl.CommonTool
		SccLocalPath2 = Cityocean.Crawl.CommonTool
		SccProjectUniqueName3 = Cityocean.Crawl.NoticeComponents\\Cityocean.Crawl.NoticeComponents.csproj
		SccProjectName3 = Cityocean.Crawl.NoticeComponents
		SccLocalPath3 = Cityocean.Crawl.NoticeComponents
		SccProjectUniqueName4 = Cityocean.Crawl.ServerComponents\\Cityocean.Crawl.ServerComponents.csproj
		SccProjectName4 = Cityocean.Crawl.ServerComponents
		SccLocalPath4 = Cityocean.Crawl.ServerComponents
		SccProjectUniqueName5 = Cityocean.Crawl.ServiceInterface\\Cityocean.Crawl.ServiceInterface.csproj
		SccProjectName5 = Cityocean.Crawl.ServiceInterface
		SccLocalPath5 = Cityocean.Crawl.ServiceInterface
		SccProjectUniqueName6 = Cityocean.Crawl.WindowsService\\Cityocean.Crawl.WindowsService.csproj
		SccProjectName6 = Cityocean.Crawl.WindowsService
		SccLocalPath6 = Cityocean.Crawl.WindowsService
		SccProjectUniqueName7 = Cityocean.Crawl.JobComponents\\Cityocean.Crawl.JobSchedule.csproj
		SccProjectName7 = Cityocean.Crawl.JobComponents
		SccLocalPath7 = Cityocean.Crawl.JobComponents
		SccLocalPath8 = .
		SccProjectUniqueName9 = Cityocean.TaskSchedule.Client\\Cityocean.TaskSchedule.Client.csproj
		SccProjectName9 = Cityocean.TaskSchedule.Client
		SccLocalPath9 = Cityocean.TaskSchedule.Client
		SccProjectUniqueName10 = Cityocean.TaskSchedule.Website\\Cityocean.TaskSchedule.Website.csproj
		SccProjectName10 = Cityocean.TaskSchedule.Website
		SccLocalPath10 = Cityocean.TaskSchedule.Website
	EndGlobalSection
	GlobalSection(SolutionConfigurationPlatforms) = preSolution
		Debug|Any CPU = Debug|Any CPU
		Release|Any CPU = Release|Any CPU
	EndGlobalSection
	GlobalSection(ProjectConfigurationPlatforms) = postSolution
		{04AAFD01-D865-41B2-9963-A8A7C513AAB2}.Debug|Any CPU.ActiveCfg = Debug|Any CPU
		{04AAFD01-D865-41B2-9963-A8A7C513AAB2}.Debug|Any CPU.Build.0 = Debug|Any CPU
		{04AAFD01-D865-41B2-9963-A8A7C513AAB2}.Release|Any CPU.ActiveCfg = Release|Any CPU
		{04AAFD01-D865-41B2-9963-A8A7C513AAB2}.Release|Any CPU.Build.0 = Release|Any CPU
		{77A63F39-6679-4E36-8520-9614587D8C77}.Debug|Any CPU.ActiveCfg = Debug|Any CPU
		{77A63F39-6679-4E36-8520-9614587D8C77}.Debug|Any CPU.Build.0 = Debug|Any CPU
		{77A63F39-6679-4E36-8520-9614587D8C77}.Release|Any CPU.ActiveCfg = Release|Any CPU
		{77A63F39-6679-4E36-8520-9614587D8C77}.Release|Any CPU.Build.0 = Release|Any CPU
		{C65270BE-F60B-4E67-8996-420887436A67}.Debug|Any CPU.ActiveCfg = Debug|Any CPU
		{C65270BE-F60B-4E67-8996-420887436A67}.Debug|Any CPU.Build.0 = Debug|Any CPU
		{C65270BE-F60B-4E67-8996-420887436A67}.Release|Any CPU.ActiveCfg = Release|Any CPU
		{C65270BE-F60B-4E67-8996-420887436A67}.Release|Any CPU.Build.0 = Release|Any CPU
		{566A1F70-3253-4D24-B362-8FE0E08A5213}.Debug|Any CPU.ActiveCfg = Debug|Any CPU
		{566A1F70-3253-4D24-B362-8FE0E08A5213}.Debug|Any CPU.Build.0 = Debug|Any CPU
		{566A1F70-3253-4D24-B362-8FE0E08A5213}.Release|Any CPU.ActiveCfg = Release|Any CPU
		{566A1F70-3253-4D24-B362-8FE0E08A5213}.Release|Any CPU.Build.0 = Release|Any CPU
		{7CC1302D-4001-4C65-B427-7D5761CA821D}.Debug|Any CPU.ActiveCfg = Debug|Any CPU
		{7CC1302D-4001-4C65-B427-7D5761CA821D}.Debug|Any CPU.Build.0 = Debug|Any CPU
		{7CC1302D-4001-4C65-B427-7D5761CA821D}.Release|Any CPU.ActiveCfg = Release|Any CPU
		{7CC1302D-4001-4C65-B427-7D5761CA821D}.Release|Any CPU.Build.0 = Release|Any CPU
		{F1AB03CD-CF9C-464B-8EFB-615B56B39DA6}.Debug|Any CPU.ActiveCfg = Debug|Any CPU
		{F1AB03CD-CF9C-464B-8EFB-615B56B39DA6}.Debug|Any CPU.Build.0 = Debug|Any CPU
		{F1AB03CD-CF9C-464B-8EFB-615B56B39DA6}.Release|Any CPU.ActiveCfg = Release|Any CPU
		{F1AB03CD-CF9C-464B-8EFB-615B56B39DA6}.Release|Any CPU.Build.0 = Release|Any CPU
		{931429A2-7834-40FE-9919-56F8EB107522}.Debug|Any CPU.ActiveCfg = Debug|Any CPU
		{931429A2-7834-40FE-9919-56F8EB107522}.Debug|Any CPU.Build.0 = Debug|Any CPU
		{931429A2-7834-40FE-9919-56F8EB107522}.Release|Any CPU.ActiveCfg = Release|Any CPU
		{931429A2-7834-40FE-9919-56F8EB107522}.Release|Any CPU.Build.0 = Release|Any CPU
		{82F1BB89-7657-40D8-BEA6-1D106EC29851}.Debug|Any CPU.ActiveCfg = Debug|Any CPU
		{82F1BB89-7657-40D8-BEA6-1D106EC29851}.Debug|Any CPU.Build.0 = Debug|Any CPU
		{82F1BB89-7657-40D8-BEA6-1D106EC29851}.Release|Any CPU.ActiveCfg = Release|Any CPU
		{82F1BB89-7657-40D8-BEA6-1D106EC29851}.Release|Any CPU.Build.0 = Release|Any CPU
		{A4DF522C-B7E6-4562-A9EE-F858D14B6A2D}.Debug|Any CPU.ActiveCfg = Debug|Any CPU
		{A4DF522C-B7E6-4562-A9EE-F858D14B6A2D}.Debug|Any CPU.Build.0 = Debug|Any CPU
		{A4DF522C-B7E6-4562-A9EE-F858D14B6A2D}.Release|Any CPU.ActiveCfg = Release|Any CPU
		{A4DF522C-B7E6-4562-A9EE-F858D14B6A2D}.Release|Any CPU.Build.0 = Release|Any CPU
		{1D6CBD8B-4F3D-45C8-8215-5A6A890BC63E}.Debug|Any CPU.ActiveCfg = Debug|Any CPU
		{1D6CBD8B-4F3D-45C8-8215-5A6A890BC63E}.Debug|Any CPU.Build.0 = Debug|Any CPU
		{1D6CBD8B-4F3D-45C8-8215-5A6A890BC63E}.Release|Any CPU.ActiveCfg = Release|Any CPU
		{1D6CBD8B-4F3D-45C8-8215-5A6A890BC63E}.Release|Any CPU.Build.0 = Release|Any CPU
	EndGlobalSection
	GlobalSection(SolutionProperties) = preSolution
		HideSolutionNode = FALSE
	EndGlobalSection
EndGlobal
