
Microsoft Visual Studio Solution File, Format Version 12.00
# Visual Studio Version 16
VisualStudioVersion = 16.0.31321.278
MinimumVisualStudioVersion = 10.0.40219.1
Project("{2150E333-8FDC-42A3-9474-1A3956D46DE8}") = "OceanExport", "OceanExport", "{FA512C9F-9AF3-46D9-985C-AFF59C8AC14C}"
EndProject
Project("{2150E333-8FDC-42A3-9474-1A3956D46DE8}") = "Common", "Common", "{7699681B-FC3A-4C64-9AA5-F0CB36EF9E3D}"
EndProject
Project("{2150E333-8FDC-42A3-9474-1A3956D46DE8}") = "OceanImport", "OceanImport", "{085980CF-798E-406A-87BF-3EC893E7D480}"
EndProject
Project("{2150E333-8FDC-42A3-9474-1A3956D46DE8}") = "AirExport", "AirExport", "{F3988233-6497-4306-A56E-F8F87A614BFC}"
EndProject
Project("{2150E333-8FDC-42A3-9474-1A3956D46DE8}") = "AirImport", "AirImport", "{E80EADAA-787C-4925-A528-6D6B2E36BD50}"
EndProject
Project("{2150E333-8FDC-42A3-9474-1A3956D46DE8}") = "OtherBusiness", "OtherBusiness", "{6F8D70D0-D15A-460D-BFE9-AC852901D2B2}"
EndProject
Project("{2150E333-8FDC-42A3-9474-1A3956D46DE8}") = "DomesticTrade", "DomesticTrade", "{3BF83619-A441-4E20-B76D-142CD3A660D8}"
EndProject
Project("{FAE04EC0-301F-11D3-BF4B-00C04F79EFBC}") = "ICP.FCM.OceanExport.ServiceComponent", "ICP.FCM.OceanExport\ICP.FCM.OceanExport.ServiceComponent\ICP.FCM.OceanExport.ServiceComponent.csproj", "{3A3C8676-C39C-416D-8431-492FB57E89A3}"
EndProject
Project("{FAE04EC0-301F-11D3-BF4B-00C04F79EFBC}") = "ICP.FCM.OceanExport.ServiceInterface", "ICP.FCM.OceanExport\ICP.FCM.OceanExport.ServiceInterface\ICP.FCM.OceanExport.ServiceInterface.csproj", "{1117F9F3-11DB-4F63-A96E-2D5E12407E0D}"
EndProject
Project("{FAE04EC0-301F-11D3-BF4B-00C04F79EFBC}") = "ICP.FCM.OceanExport.UI", "ICP.FCM.OceanExport\ICP.FCM.OceanExport.UI\ICP.FCM.OceanExport.UI.csproj", "{248F87DE-6C30-4A79-898E-18E4C5F676E7}"
EndProject
Project("{FAE04EC0-301F-11D3-BF4B-00C04F79EFBC}") = "ICP.FCM.Common.ServiceInterface", "ICP.FCM.Common\ICP.FCM.Common.ServiceInterface\ICP.FCM.Common.ServiceInterface.csproj", "{E3263870-19C7-4986-BD8C-E7C1E4DE615A}"
EndProject
Project("{FAE04EC0-301F-11D3-BF4B-00C04F79EFBC}") = "ICP.FCM.Common.ServiceComponent", "ICP.FCM.Common\ICP.FCM.Common.ServiceComponent\ICP.FCM.Common.ServiceComponent.csproj", "{30A14BFB-73BA-45FC-9621-CF2414487C31}"
EndProject
Project("{FAE04EC0-301F-11D3-BF4B-00C04F79EFBC}") = "ICP.FCM.OceanImport.ServiceComponent", "ICP.FCM.OceanImport\ICP.FCM.OceanImport.ServiceComponent\ICP.FCM.OceanImport.ServiceComponent\ICP.FCM.OceanImport.ServiceComponent.csproj", "{B07BB42A-6EFC-40A1-80D6-0032EBB354E8}"
EndProject
Project("{FAE04EC0-301F-11D3-BF4B-00C04F79EFBC}") = "ICP.FCM.OceanImport.ServiceInterface", "ICP.FCM.OceanImport\ICP.FCM.OceanImport.ServiceInterface\ICP.FCM.OceanImport.ServiceInterface\ICP.FCM.OceanImport.ServiceInterface.csproj", "{B4ECBC86-40E3-40C4-BD8C-B78F3C7D3ACC}"
EndProject
Project("{FAE04EC0-301F-11D3-BF4B-00C04F79EFBC}") = "ICP.FCM.OceanImport.UI", "ICP.FCM.OceanImport\ICP.FCM.OceanImport.UI\ICP.FCM.OceanImport.UI\ICP.FCM.OceanImport.UI.csproj", "{09296C5B-79CB-4FAF-BFE2-2F66DE2BBB78}"
EndProject
Project("{FAE04EC0-301F-11D3-BF4B-00C04F79EFBC}") = "ICP.FCM.Common.UI", "ICP.FCM.Common\ICP.FCM.Common.UI\ICP.FCM.Common.UI.csproj", "{B71894C2-B22D-4BBA-9B45-65D82447318C}"
EndProject
Project("{FAE04EC0-301F-11D3-BF4B-00C04F79EFBC}") = "ICP.FCM.AirExport.ServiceComponent", "ICP.FCM.AirExport\ICP.FCM.AirExport.ServiceComponent\ICP.FCM.AirExport.ServiceComponent.csproj", "{4C339719-CD32-43C9-B519-7758D30DDEBB}"
EndProject
Project("{FAE04EC0-301F-11D3-BF4B-00C04F79EFBC}") = "ICP.FCM.AirExport.ServiceInterface", "ICP.FCM.AirExport\ICP.FCM.AirExport.ServiceInterface\ICP.FCM.AirExport.ServiceInterface.csproj", "{05BB2FC6-34B5-42E9-817A-EB270000533E}"
EndProject
Project("{FAE04EC0-301F-11D3-BF4B-00C04F79EFBC}") = "ICP.FCM.AirExport.UI", "ICP.FCM.AirExport\ICP.FCM.AirExport.UI\ICP.FCM.AirExport.UI.csproj", "{718A8C65-99C0-427E-B51A-61EC3762A9C6}"
EndProject
Project("{FAE04EC0-301F-11D3-BF4B-00C04F79EFBC}") = "ICP.FCM.AirImport.ServiceComponent", "ICP.FCM.AirImport\ICP.FCM.AirImport.ServiceComponent\ICP.FCM.AirImport.ServiceComponent.csproj", "{DDEE9A13-6D20-4EBE-A8E8-C1E7018D525E}"
EndProject
Project("{FAE04EC0-301F-11D3-BF4B-00C04F79EFBC}") = "ICP.FCM.AirImport.ServiceInterface", "ICP.FCM.AirImport\ICP.FCM.AirImport.ServiceInterface\ICP.FCM.AirImport.ServiceInterface.csproj", "{7D50B5C7-CE4B-4EA8-AD6E-393F48B3B340}"
EndProject
Project("{FAE04EC0-301F-11D3-BF4B-00C04F79EFBC}") = "ICP.FCM.AirImport.UI", "ICP.FCM.AirImport\ICP.FCM.AirImport.UI\ICP.FCM.AirImport.UI.csproj", "{E064CA18-536A-40F9-A2B1-0408E913A37E}"
EndProject
Project("{FAE04EC0-301F-11D3-BF4B-00C04F79EFBC}") = "ICP.FCM.OtherBusiness.ServiceInterface", "ICP.FCM.OtherBusiness.ServiceInterface\ICP.FCM.OtherBusiness.ServiceInterface.csproj", "{1191CA0D-A4CD-4BD8-AA5D-C290CEE03602}"
EndProject
Project("{FAE04EC0-301F-11D3-BF4B-00C04F79EFBC}") = "ICP.FCM.OtherBusiness.ServiceComponent", "ICP.FCM.OtherBusiness.ServiceComponent\ICP.FCM.OtherBusiness.ServiceComponent.csproj", "{AB048F0B-4337-4701-AD01-6EDA7C48C1AE}"
EndProject
Project("{FAE04EC0-301F-11D3-BF4B-00C04F79EFBC}") = "ICP.FCM.OtherBusiness.UI", "ICP.FCM.OtherBusiness.UI\ICP.FCM.OtherBusiness.UI.csproj", "{F5192E8D-2CB6-4C7D-AFC4-C36A842BEB5B}"
EndProject
Project("{FAE04EC0-301F-11D3-BF4B-00C04F79EFBC}") = "ICP.FCM.DomesticTrade.ServiceInterface", "ICP.FCM.DomesticTrade.ServerInterface\ICP.FCM.DomesticTrade.ServiceInterface.csproj", "{96F146B5-0296-4E8A-BADF-30E9920AEEFE}"
EndProject
Project("{FAE04EC0-301F-11D3-BF4B-00C04F79EFBC}") = "ICP.FCM.DomesticTrade.ServiceComponent", "ICP.FCM.DomesticTrade.ServerComponent\ICP.FCM.DomesticTrade.ServiceComponent.csproj", "{18C4FD3B-FC34-4FE6-A7A2-077E760CE6CC}"
EndProject
Project("{FAE04EC0-301F-11D3-BF4B-00C04F79EFBC}") = "ICP.FCM.DomesticTrade.UI", "ICP.FCM.DomesticTrade.UI\ICP.FCM.DomesticTrade.UI.csproj", "{3E45D4EF-C76F-480C-ACEA-A14B02F76A82}"
EndProject
Project("{FAE04EC0-301F-11D3-BF4B-00C04F79EFBC}") = "ICP.Business.Common.ClientService", "ICP.Business.Common.ClientService\ICP.Business.Common.ClientService.csproj", "{B7F45411-8A33-462A-917F-120AEBA1024B}"
EndProject
Project("{FAE04EC0-301F-11D3-BF4B-00C04F79EFBC}") = "ICP.Business.Common.ServiceInterface", "ICP.Business.Common.ServiceInterface\ICP.Business.Common.ServiceInterface.csproj", "{98B85A48-973C-4A59-9080-A321B8813AA7}"
EndProject
Project("{FAE04EC0-301F-11D3-BF4B-00C04F79EFBC}") = "ICP.Business.Common.UI", "ICP.Business.Common.UI\ICP.Business.Common.UI.csproj", "{D9C8B736-C3A7-4E6B-9D1E-BEF1138AEB1F}"
EndProject
Global
	GlobalSection(SolutionConfigurationPlatforms) = preSolution
		Debug|Any CPU = Debug|Any CPU
		Debug|x86 = Debug|x86
		Release|Any CPU = Release|Any CPU
		Release|x86 = Release|x86
	EndGlobalSection
	GlobalSection(ProjectConfigurationPlatforms) = postSolution
		{3A3C8676-C39C-416D-8431-492FB57E89A3}.Debug|Any CPU.ActiveCfg = Debug|Any CPU
		{3A3C8676-C39C-416D-8431-492FB57E89A3}.Debug|Any CPU.Build.0 = Debug|Any CPU
		{3A3C8676-C39C-416D-8431-492FB57E89A3}.Debug|x86.ActiveCfg = Debug|Any CPU
		{3A3C8676-C39C-416D-8431-492FB57E89A3}.Debug|x86.Build.0 = Debug|Any CPU
		{3A3C8676-C39C-416D-8431-492FB57E89A3}.Release|Any CPU.ActiveCfg = Release|Any CPU
		{3A3C8676-C39C-416D-8431-492FB57E89A3}.Release|Any CPU.Build.0 = Release|Any CPU
		{3A3C8676-C39C-416D-8431-492FB57E89A3}.Release|x86.ActiveCfg = Release|Any CPU
		{3A3C8676-C39C-416D-8431-492FB57E89A3}.Release|x86.Build.0 = Release|Any CPU
		{1117F9F3-11DB-4F63-A96E-2D5E12407E0D}.Debug|Any CPU.ActiveCfg = Debug|Any CPU
		{1117F9F3-11DB-4F63-A96E-2D5E12407E0D}.Debug|Any CPU.Build.0 = Debug|Any CPU
		{1117F9F3-11DB-4F63-A96E-2D5E12407E0D}.Debug|x86.ActiveCfg = Debug|Any CPU
		{1117F9F3-11DB-4F63-A96E-2D5E12407E0D}.Debug|x86.Build.0 = Debug|Any CPU
		{1117F9F3-11DB-4F63-A96E-2D5E12407E0D}.Release|Any CPU.ActiveCfg = Release|Any CPU
		{1117F9F3-11DB-4F63-A96E-2D5E12407E0D}.Release|Any CPU.Build.0 = Release|Any CPU
		{1117F9F3-11DB-4F63-A96E-2D5E12407E0D}.Release|x86.ActiveCfg = Release|Any CPU
		{1117F9F3-11DB-4F63-A96E-2D5E12407E0D}.Release|x86.Build.0 = Release|Any CPU
		{248F87DE-6C30-4A79-898E-18E4C5F676E7}.Debug|Any CPU.ActiveCfg = Debug|Any CPU
		{248F87DE-6C30-4A79-898E-18E4C5F676E7}.Debug|Any CPU.Build.0 = Debug|Any CPU
		{248F87DE-6C30-4A79-898E-18E4C5F676E7}.Debug|x86.ActiveCfg = Debug|Any CPU
		{248F87DE-6C30-4A79-898E-18E4C5F676E7}.Debug|x86.Build.0 = Debug|Any CPU
		{248F87DE-6C30-4A79-898E-18E4C5F676E7}.Release|Any CPU.ActiveCfg = Release|Any CPU
		{248F87DE-6C30-4A79-898E-18E4C5F676E7}.Release|Any CPU.Build.0 = Release|Any CPU
		{248F87DE-6C30-4A79-898E-18E4C5F676E7}.Release|x86.ActiveCfg = Release|Any CPU
		{248F87DE-6C30-4A79-898E-18E4C5F676E7}.Release|x86.Build.0 = Release|Any CPU
		{E3263870-19C7-4986-BD8C-E7C1E4DE615A}.Debug|Any CPU.ActiveCfg = Debug|Any CPU
		{E3263870-19C7-4986-BD8C-E7C1E4DE615A}.Debug|Any CPU.Build.0 = Debug|Any CPU
		{E3263870-19C7-4986-BD8C-E7C1E4DE615A}.Debug|x86.ActiveCfg = Debug|x86
		{E3263870-19C7-4986-BD8C-E7C1E4DE615A}.Debug|x86.Build.0 = Debug|x86
		{E3263870-19C7-4986-BD8C-E7C1E4DE615A}.Release|Any CPU.ActiveCfg = Release|Any CPU
		{E3263870-19C7-4986-BD8C-E7C1E4DE615A}.Release|Any CPU.Build.0 = Release|Any CPU
		{E3263870-19C7-4986-BD8C-E7C1E4DE615A}.Release|x86.ActiveCfg = Release|x86
		{E3263870-19C7-4986-BD8C-E7C1E4DE615A}.Release|x86.Build.0 = Release|x86
		{30A14BFB-73BA-45FC-9621-CF2414487C31}.Debug|Any CPU.ActiveCfg = Debug|Any CPU
		{30A14BFB-73BA-45FC-9621-CF2414487C31}.Debug|Any CPU.Build.0 = Debug|Any CPU
		{30A14BFB-73BA-45FC-9621-CF2414487C31}.Debug|x86.ActiveCfg = Debug|x86
		{30A14BFB-73BA-45FC-9621-CF2414487C31}.Debug|x86.Build.0 = Debug|x86
		{30A14BFB-73BA-45FC-9621-CF2414487C31}.Release|Any CPU.ActiveCfg = Release|Any CPU
		{30A14BFB-73BA-45FC-9621-CF2414487C31}.Release|Any CPU.Build.0 = Release|Any CPU
		{30A14BFB-73BA-45FC-9621-CF2414487C31}.Release|x86.ActiveCfg = Release|x86
		{30A14BFB-73BA-45FC-9621-CF2414487C31}.Release|x86.Build.0 = Release|x86
		{B07BB42A-6EFC-40A1-80D6-0032EBB354E8}.Debug|Any CPU.ActiveCfg = Debug|Any CPU
		{B07BB42A-6EFC-40A1-80D6-0032EBB354E8}.Debug|Any CPU.Build.0 = Debug|Any CPU
		{B07BB42A-6EFC-40A1-80D6-0032EBB354E8}.Debug|x86.ActiveCfg = Debug|x86
		{B07BB42A-6EFC-40A1-80D6-0032EBB354E8}.Debug|x86.Build.0 = Debug|x86
		{B07BB42A-6EFC-40A1-80D6-0032EBB354E8}.Release|Any CPU.ActiveCfg = Release|Any CPU
		{B07BB42A-6EFC-40A1-80D6-0032EBB354E8}.Release|Any CPU.Build.0 = Release|Any CPU
		{B07BB42A-6EFC-40A1-80D6-0032EBB354E8}.Release|x86.ActiveCfg = Release|x86
		{B07BB42A-6EFC-40A1-80D6-0032EBB354E8}.Release|x86.Build.0 = Release|x86
		{B4ECBC86-40E3-40C4-BD8C-B78F3C7D3ACC}.Debug|Any CPU.ActiveCfg = Debug|Any CPU
		{B4ECBC86-40E3-40C4-BD8C-B78F3C7D3ACC}.Debug|Any CPU.Build.0 = Debug|Any CPU
		{B4ECBC86-40E3-40C4-BD8C-B78F3C7D3ACC}.Debug|x86.ActiveCfg = Debug|x86
		{B4ECBC86-40E3-40C4-BD8C-B78F3C7D3ACC}.Debug|x86.Build.0 = Debug|x86
		{B4ECBC86-40E3-40C4-BD8C-B78F3C7D3ACC}.Release|Any CPU.ActiveCfg = Release|Any CPU
		{B4ECBC86-40E3-40C4-BD8C-B78F3C7D3ACC}.Release|Any CPU.Build.0 = Release|Any CPU
		{B4ECBC86-40E3-40C4-BD8C-B78F3C7D3ACC}.Release|x86.ActiveCfg = Release|x86
		{B4ECBC86-40E3-40C4-BD8C-B78F3C7D3ACC}.Release|x86.Build.0 = Release|x86
		{09296C5B-79CB-4FAF-BFE2-2F66DE2BBB78}.Debug|Any CPU.ActiveCfg = Debug|Any CPU
		{09296C5B-79CB-4FAF-BFE2-2F66DE2BBB78}.Debug|Any CPU.Build.0 = Debug|Any CPU
		{09296C5B-79CB-4FAF-BFE2-2F66DE2BBB78}.Debug|x86.ActiveCfg = Debug|x86
		{09296C5B-79CB-4FAF-BFE2-2F66DE2BBB78}.Debug|x86.Build.0 = Debug|x86
		{09296C5B-79CB-4FAF-BFE2-2F66DE2BBB78}.Release|Any CPU.ActiveCfg = Release|Any CPU
		{09296C5B-79CB-4FAF-BFE2-2F66DE2BBB78}.Release|Any CPU.Build.0 = Release|Any CPU
		{09296C5B-79CB-4FAF-BFE2-2F66DE2BBB78}.Release|x86.ActiveCfg = Release|x86
		{09296C5B-79CB-4FAF-BFE2-2F66DE2BBB78}.Release|x86.Build.0 = Release|x86
		{B71894C2-B22D-4BBA-9B45-65D82447318C}.Debug|Any CPU.ActiveCfg = Debug|Any CPU
		{B71894C2-B22D-4BBA-9B45-65D82447318C}.Debug|Any CPU.Build.0 = Debug|Any CPU
		{B71894C2-B22D-4BBA-9B45-65D82447318C}.Debug|x86.ActiveCfg = Debug|x86
		{B71894C2-B22D-4BBA-9B45-65D82447318C}.Debug|x86.Build.0 = Debug|x86
		{B71894C2-B22D-4BBA-9B45-65D82447318C}.Release|Any CPU.ActiveCfg = Release|Any CPU
		{B71894C2-B22D-4BBA-9B45-65D82447318C}.Release|Any CPU.Build.0 = Release|Any CPU
		{B71894C2-B22D-4BBA-9B45-65D82447318C}.Release|x86.ActiveCfg = Release|x86
		{B71894C2-B22D-4BBA-9B45-65D82447318C}.Release|x86.Build.0 = Release|x86
		{4C339719-CD32-43C9-B519-7758D30DDEBB}.Debug|Any CPU.ActiveCfg = Debug|Any CPU
		{4C339719-CD32-43C9-B519-7758D30DDEBB}.Debug|Any CPU.Build.0 = Debug|Any CPU
		{4C339719-CD32-43C9-B519-7758D30DDEBB}.Debug|x86.ActiveCfg = Debug|Any CPU
		{4C339719-CD32-43C9-B519-7758D30DDEBB}.Debug|x86.Build.0 = Debug|Any CPU
		{4C339719-CD32-43C9-B519-7758D30DDEBB}.Release|Any CPU.ActiveCfg = Release|Any CPU
		{4C339719-CD32-43C9-B519-7758D30DDEBB}.Release|Any CPU.Build.0 = Release|Any CPU
		{4C339719-CD32-43C9-B519-7758D30DDEBB}.Release|x86.ActiveCfg = Release|Any CPU
		{4C339719-CD32-43C9-B519-7758D30DDEBB}.Release|x86.Build.0 = Release|Any CPU
		{05BB2FC6-34B5-42E9-817A-EB270000533E}.Debug|Any CPU.ActiveCfg = Debug|Any CPU
		{05BB2FC6-34B5-42E9-817A-EB270000533E}.Debug|Any CPU.Build.0 = Debug|Any CPU
		{05BB2FC6-34B5-42E9-817A-EB270000533E}.Debug|x86.ActiveCfg = Debug|Any CPU
		{05BB2FC6-34B5-42E9-817A-EB270000533E}.Debug|x86.Build.0 = Debug|Any CPU
		{05BB2FC6-34B5-42E9-817A-EB270000533E}.Release|Any CPU.ActiveCfg = Release|Any CPU
		{05BB2FC6-34B5-42E9-817A-EB270000533E}.Release|Any CPU.Build.0 = Release|Any CPU
		{05BB2FC6-34B5-42E9-817A-EB270000533E}.Release|x86.ActiveCfg = Release|Any CPU
		{05BB2FC6-34B5-42E9-817A-EB270000533E}.Release|x86.Build.0 = Release|Any CPU
		{718A8C65-99C0-427E-B51A-61EC3762A9C6}.Debug|Any CPU.ActiveCfg = Debug|Any CPU
		{718A8C65-99C0-427E-B51A-61EC3762A9C6}.Debug|Any CPU.Build.0 = Debug|Any CPU
		{718A8C65-99C0-427E-B51A-61EC3762A9C6}.Debug|x86.ActiveCfg = Debug|Any CPU
		{718A8C65-99C0-427E-B51A-61EC3762A9C6}.Debug|x86.Build.0 = Debug|Any CPU
		{718A8C65-99C0-427E-B51A-61EC3762A9C6}.Release|Any CPU.ActiveCfg = Release|Any CPU
		{718A8C65-99C0-427E-B51A-61EC3762A9C6}.Release|Any CPU.Build.0 = Release|Any CPU
		{718A8C65-99C0-427E-B51A-61EC3762A9C6}.Release|x86.ActiveCfg = Release|Any CPU
		{718A8C65-99C0-427E-B51A-61EC3762A9C6}.Release|x86.Build.0 = Release|Any CPU
		{DDEE9A13-6D20-4EBE-A8E8-C1E7018D525E}.Debug|Any CPU.ActiveCfg = Debug|Any CPU
		{DDEE9A13-6D20-4EBE-A8E8-C1E7018D525E}.Debug|Any CPU.Build.0 = Debug|Any CPU
		{DDEE9A13-6D20-4EBE-A8E8-C1E7018D525E}.Debug|x86.ActiveCfg = Debug|Any CPU
		{DDEE9A13-6D20-4EBE-A8E8-C1E7018D525E}.Debug|x86.Build.0 = Debug|Any CPU
		{DDEE9A13-6D20-4EBE-A8E8-C1E7018D525E}.Release|Any CPU.ActiveCfg = Release|Any CPU
		{DDEE9A13-6D20-4EBE-A8E8-C1E7018D525E}.Release|Any CPU.Build.0 = Release|Any CPU
		{DDEE9A13-6D20-4EBE-A8E8-C1E7018D525E}.Release|x86.ActiveCfg = Release|Any CPU
		{DDEE9A13-6D20-4EBE-A8E8-C1E7018D525E}.Release|x86.Build.0 = Release|Any CPU
		{7D50B5C7-CE4B-4EA8-AD6E-393F48B3B340}.Debug|Any CPU.ActiveCfg = Debug|Any CPU
		{7D50B5C7-CE4B-4EA8-AD6E-393F48B3B340}.Debug|Any CPU.Build.0 = Debug|Any CPU
		{7D50B5C7-CE4B-4EA8-AD6E-393F48B3B340}.Debug|x86.ActiveCfg = Debug|Any CPU
		{7D50B5C7-CE4B-4EA8-AD6E-393F48B3B340}.Debug|x86.Build.0 = Debug|Any CPU
		{7D50B5C7-CE4B-4EA8-AD6E-393F48B3B340}.Release|Any CPU.ActiveCfg = Release|Any CPU
		{7D50B5C7-CE4B-4EA8-AD6E-393F48B3B340}.Release|Any CPU.Build.0 = Release|Any CPU
		{7D50B5C7-CE4B-4EA8-AD6E-393F48B3B340}.Release|x86.ActiveCfg = Release|Any CPU
		{7D50B5C7-CE4B-4EA8-AD6E-393F48B3B340}.Release|x86.Build.0 = Release|Any CPU
		{E064CA18-536A-40F9-A2B1-0408E913A37E}.Debug|Any CPU.ActiveCfg = Debug|Any CPU
		{E064CA18-536A-40F9-A2B1-0408E913A37E}.Debug|Any CPU.Build.0 = Debug|Any CPU
		{E064CA18-536A-40F9-A2B1-0408E913A37E}.Debug|x86.ActiveCfg = Debug|Any CPU
		{E064CA18-536A-40F9-A2B1-0408E913A37E}.Debug|x86.Build.0 = Debug|Any CPU
		{E064CA18-536A-40F9-A2B1-0408E913A37E}.Release|Any CPU.ActiveCfg = Release|Any CPU
		{E064CA18-536A-40F9-A2B1-0408E913A37E}.Release|Any CPU.Build.0 = Release|Any CPU
		{E064CA18-536A-40F9-A2B1-0408E913A37E}.Release|x86.ActiveCfg = Release|Any CPU
		{E064CA18-536A-40F9-A2B1-0408E913A37E}.Release|x86.Build.0 = Release|Any CPU
		{1191CA0D-A4CD-4BD8-AA5D-C290CEE03602}.Debug|Any CPU.ActiveCfg = Debug|Any CPU
		{1191CA0D-A4CD-4BD8-AA5D-C290CEE03602}.Debug|Any CPU.Build.0 = Debug|Any CPU
		{1191CA0D-A4CD-4BD8-AA5D-C290CEE03602}.Debug|x86.ActiveCfg = Debug|Any CPU
		{1191CA0D-A4CD-4BD8-AA5D-C290CEE03602}.Debug|x86.Build.0 = Debug|Any CPU
		{1191CA0D-A4CD-4BD8-AA5D-C290CEE03602}.Release|Any CPU.ActiveCfg = Release|Any CPU
		{1191CA0D-A4CD-4BD8-AA5D-C290CEE03602}.Release|Any CPU.Build.0 = Release|Any CPU
		{1191CA0D-A4CD-4BD8-AA5D-C290CEE03602}.Release|x86.ActiveCfg = Release|Any CPU
		{1191CA0D-A4CD-4BD8-AA5D-C290CEE03602}.Release|x86.Build.0 = Release|Any CPU
		{AB048F0B-4337-4701-AD01-6EDA7C48C1AE}.Debug|Any CPU.ActiveCfg = Debug|Any CPU
		{AB048F0B-4337-4701-AD01-6EDA7C48C1AE}.Debug|Any CPU.Build.0 = Debug|Any CPU
		{AB048F0B-4337-4701-AD01-6EDA7C48C1AE}.Debug|x86.ActiveCfg = Debug|Any CPU
		{AB048F0B-4337-4701-AD01-6EDA7C48C1AE}.Debug|x86.Build.0 = Debug|Any CPU
		{AB048F0B-4337-4701-AD01-6EDA7C48C1AE}.Release|Any CPU.ActiveCfg = Release|Any CPU
		{AB048F0B-4337-4701-AD01-6EDA7C48C1AE}.Release|Any CPU.Build.0 = Release|Any CPU
		{AB048F0B-4337-4701-AD01-6EDA7C48C1AE}.Release|x86.ActiveCfg = Release|Any CPU
		{AB048F0B-4337-4701-AD01-6EDA7C48C1AE}.Release|x86.Build.0 = Release|Any CPU
		{F5192E8D-2CB6-4C7D-AFC4-C36A842BEB5B}.Debug|Any CPU.ActiveCfg = Debug|Any CPU
		{F5192E8D-2CB6-4C7D-AFC4-C36A842BEB5B}.Debug|Any CPU.Build.0 = Debug|Any CPU
		{F5192E8D-2CB6-4C7D-AFC4-C36A842BEB5B}.Debug|x86.ActiveCfg = Debug|Any CPU
		{F5192E8D-2CB6-4C7D-AFC4-C36A842BEB5B}.Debug|x86.Build.0 = Debug|Any CPU
		{F5192E8D-2CB6-4C7D-AFC4-C36A842BEB5B}.Release|Any CPU.ActiveCfg = Release|Any CPU
		{F5192E8D-2CB6-4C7D-AFC4-C36A842BEB5B}.Release|Any CPU.Build.0 = Release|Any CPU
		{F5192E8D-2CB6-4C7D-AFC4-C36A842BEB5B}.Release|x86.ActiveCfg = Release|Any CPU
		{F5192E8D-2CB6-4C7D-AFC4-C36A842BEB5B}.Release|x86.Build.0 = Release|Any CPU
		{96F146B5-0296-4E8A-BADF-30E9920AEEFE}.Debug|Any CPU.ActiveCfg = Debug|Any CPU
		{96F146B5-0296-4E8A-BADF-30E9920AEEFE}.Debug|Any CPU.Build.0 = Debug|Any CPU
		{96F146B5-0296-4E8A-BADF-30E9920AEEFE}.Debug|x86.ActiveCfg = Debug|Any CPU
		{96F146B5-0296-4E8A-BADF-30E9920AEEFE}.Debug|x86.Build.0 = Debug|Any CPU
		{96F146B5-0296-4E8A-BADF-30E9920AEEFE}.Release|Any CPU.ActiveCfg = Release|Any CPU
		{96F146B5-0296-4E8A-BADF-30E9920AEEFE}.Release|Any CPU.Build.0 = Release|Any CPU
		{96F146B5-0296-4E8A-BADF-30E9920AEEFE}.Release|x86.ActiveCfg = Release|Any CPU
		{96F146B5-0296-4E8A-BADF-30E9920AEEFE}.Release|x86.Build.0 = Release|Any CPU
		{18C4FD3B-FC34-4FE6-A7A2-077E760CE6CC}.Debug|Any CPU.ActiveCfg = Debug|Any CPU
		{18C4FD3B-FC34-4FE6-A7A2-077E760CE6CC}.Debug|Any CPU.Build.0 = Debug|Any CPU
		{18C4FD3B-FC34-4FE6-A7A2-077E760CE6CC}.Debug|x86.ActiveCfg = Debug|Any CPU
		{18C4FD3B-FC34-4FE6-A7A2-077E760CE6CC}.Debug|x86.Build.0 = Debug|Any CPU
		{18C4FD3B-FC34-4FE6-A7A2-077E760CE6CC}.Release|Any CPU.ActiveCfg = Release|Any CPU
		{18C4FD3B-FC34-4FE6-A7A2-077E760CE6CC}.Release|Any CPU.Build.0 = Release|Any CPU
		{18C4FD3B-FC34-4FE6-A7A2-077E760CE6CC}.Release|x86.ActiveCfg = Release|Any CPU
		{18C4FD3B-FC34-4FE6-A7A2-077E760CE6CC}.Release|x86.Build.0 = Release|Any CPU
		{3E45D4EF-C76F-480C-ACEA-A14B02F76A82}.Debug|Any CPU.ActiveCfg = Debug|Any CPU
		{3E45D4EF-C76F-480C-ACEA-A14B02F76A82}.Debug|Any CPU.Build.0 = Debug|Any CPU
		{3E45D4EF-C76F-480C-ACEA-A14B02F76A82}.Debug|x86.ActiveCfg = Debug|Any CPU
		{3E45D4EF-C76F-480C-ACEA-A14B02F76A82}.Debug|x86.Build.0 = Debug|Any CPU
		{3E45D4EF-C76F-480C-ACEA-A14B02F76A82}.Release|Any CPU.ActiveCfg = Release|Any CPU
		{3E45D4EF-C76F-480C-ACEA-A14B02F76A82}.Release|Any CPU.Build.0 = Release|Any CPU
		{3E45D4EF-C76F-480C-ACEA-A14B02F76A82}.Release|x86.ActiveCfg = Release|Any CPU
		{3E45D4EF-C76F-480C-ACEA-A14B02F76A82}.Release|x86.Build.0 = Release|Any CPU
		{B7F45411-8A33-462A-917F-120AEBA1024B}.Debug|Any CPU.ActiveCfg = Debug|Any CPU
		{B7F45411-8A33-462A-917F-120AEBA1024B}.Debug|Any CPU.Build.0 = Debug|Any CPU
		{B7F45411-8A33-462A-917F-120AEBA1024B}.Debug|x86.ActiveCfg = Debug|Any CPU
		{B7F45411-8A33-462A-917F-120AEBA1024B}.Debug|x86.Build.0 = Debug|Any CPU
		{B7F45411-8A33-462A-917F-120AEBA1024B}.Release|Any CPU.ActiveCfg = Release|Any CPU
		{B7F45411-8A33-462A-917F-120AEBA1024B}.Release|Any CPU.Build.0 = Release|Any CPU
		{B7F45411-8A33-462A-917F-120AEBA1024B}.Release|x86.ActiveCfg = Release|Any CPU
		{B7F45411-8A33-462A-917F-120AEBA1024B}.Release|x86.Build.0 = Release|Any CPU
		{98B85A48-973C-4A59-9080-A321B8813AA7}.Debug|Any CPU.ActiveCfg = Debug|Any CPU
		{98B85A48-973C-4A59-9080-A321B8813AA7}.Debug|Any CPU.Build.0 = Debug|Any CPU
		{98B85A48-973C-4A59-9080-A321B8813AA7}.Debug|x86.ActiveCfg = Debug|x86
		{98B85A48-973C-4A59-9080-A321B8813AA7}.Debug|x86.Build.0 = Debug|x86
		{98B85A48-973C-4A59-9080-A321B8813AA7}.Release|Any CPU.ActiveCfg = Release|Any CPU
		{98B85A48-973C-4A59-9080-A321B8813AA7}.Release|Any CPU.Build.0 = Release|Any CPU
		{98B85A48-973C-4A59-9080-A321B8813AA7}.Release|x86.ActiveCfg = Release|x86
		{98B85A48-973C-4A59-9080-A321B8813AA7}.Release|x86.Build.0 = Release|x86
		{D9C8B736-C3A7-4E6B-9D1E-BEF1138AEB1F}.Debug|Any CPU.ActiveCfg = Debug|Any CPU
		{D9C8B736-C3A7-4E6B-9D1E-BEF1138AEB1F}.Debug|Any CPU.Build.0 = Debug|Any CPU
		{D9C8B736-C3A7-4E6B-9D1E-BEF1138AEB1F}.Debug|x86.ActiveCfg = Debug|x86
		{D9C8B736-C3A7-4E6B-9D1E-BEF1138AEB1F}.Debug|x86.Build.0 = Debug|x86
		{D9C8B736-C3A7-4E6B-9D1E-BEF1138AEB1F}.Release|Any CPU.ActiveCfg = Release|Any CPU
		{D9C8B736-C3A7-4E6B-9D1E-BEF1138AEB1F}.Release|Any CPU.Build.0 = Release|Any CPU
		{D9C8B736-C3A7-4E6B-9D1E-BEF1138AEB1F}.Release|x86.ActiveCfg = Release|x86
		{D9C8B736-C3A7-4E6B-9D1E-BEF1138AEB1F}.Release|x86.Build.0 = Release|x86
	EndGlobalSection
	GlobalSection(SolutionProperties) = preSolution
		HideSolutionNode = FALSE
	EndGlobalSection
	GlobalSection(NestedProjects) = preSolution
		{3A3C8676-C39C-416D-8431-492FB57E89A3} = {FA512C9F-9AF3-46D9-985C-AFF59C8AC14C}
		{1117F9F3-11DB-4F63-A96E-2D5E12407E0D} = {FA512C9F-9AF3-46D9-985C-AFF59C8AC14C}
		{248F87DE-6C30-4A79-898E-18E4C5F676E7} = {FA512C9F-9AF3-46D9-985C-AFF59C8AC14C}
		{E3263870-19C7-4986-BD8C-E7C1E4DE615A} = {7699681B-FC3A-4C64-9AA5-F0CB36EF9E3D}
		{30A14BFB-73BA-45FC-9621-CF2414487C31} = {7699681B-FC3A-4C64-9AA5-F0CB36EF9E3D}
		{B07BB42A-6EFC-40A1-80D6-0032EBB354E8} = {085980CF-798E-406A-87BF-3EC893E7D480}
		{B4ECBC86-40E3-40C4-BD8C-B78F3C7D3ACC} = {085980CF-798E-406A-87BF-3EC893E7D480}
		{09296C5B-79CB-4FAF-BFE2-2F66DE2BBB78} = {085980CF-798E-406A-87BF-3EC893E7D480}
		{B71894C2-B22D-4BBA-9B45-65D82447318C} = {7699681B-FC3A-4C64-9AA5-F0CB36EF9E3D}
		{4C339719-CD32-43C9-B519-7758D30DDEBB} = {F3988233-6497-4306-A56E-F8F87A614BFC}
		{05BB2FC6-34B5-42E9-817A-EB270000533E} = {F3988233-6497-4306-A56E-F8F87A614BFC}
		{718A8C65-99C0-427E-B51A-61EC3762A9C6} = {F3988233-6497-4306-A56E-F8F87A614BFC}
		{DDEE9A13-6D20-4EBE-A8E8-C1E7018D525E} = {E80EADAA-787C-4925-A528-6D6B2E36BD50}
		{7D50B5C7-CE4B-4EA8-AD6E-393F48B3B340} = {E80EADAA-787C-4925-A528-6D6B2E36BD50}
		{E064CA18-536A-40F9-A2B1-0408E913A37E} = {E80EADAA-787C-4925-A528-6D6B2E36BD50}
		{1191CA0D-A4CD-4BD8-AA5D-C290CEE03602} = {6F8D70D0-D15A-460D-BFE9-AC852901D2B2}
		{AB048F0B-4337-4701-AD01-6EDA7C48C1AE} = {6F8D70D0-D15A-460D-BFE9-AC852901D2B2}
		{F5192E8D-2CB6-4C7D-AFC4-C36A842BEB5B} = {6F8D70D0-D15A-460D-BFE9-AC852901D2B2}
		{96F146B5-0296-4E8A-BADF-30E9920AEEFE} = {3BF83619-A441-4E20-B76D-142CD3A660D8}
		{18C4FD3B-FC34-4FE6-A7A2-077E760CE6CC} = {3BF83619-A441-4E20-B76D-142CD3A660D8}
		{3E45D4EF-C76F-480C-ACEA-A14B02F76A82} = {3BF83619-A441-4E20-B76D-142CD3A660D8}
		{B7F45411-8A33-462A-917F-120AEBA1024B} = {7699681B-FC3A-4C64-9AA5-F0CB36EF9E3D}
		{98B85A48-973C-4A59-9080-A321B8813AA7} = {7699681B-FC3A-4C64-9AA5-F0CB36EF9E3D}
		{D9C8B736-C3A7-4E6B-9D1E-BEF1138AEB1F} = {7699681B-FC3A-4C64-9AA5-F0CB36EF9E3D}
	EndGlobalSection
	GlobalSection(ExtensibilityGlobals) = postSolution
		SolutionGuid = {022856A5-00BC-4EA9-882E-3C1EB8CF12D6}
	EndGlobalSection
EndGlobal
