
Microsoft Visual Studio Solution File, Format Version 12.00
# Visual Studio Version 17
VisualStudioVersion = 17.3.32825.248
MinimumVisualStudioVersion = 10.0.40219.1
Project("{FAE04EC0-301F-11D3-BF4B-00C04F79EFBC}") = "Reader.Client.Models", "Reader.Client.Models\Reader.Client.Models.csproj", "{59D83E66-5E05-4291-9276-69CD4E2917B2}"
EndProject
Project("{FAE04EC0-301F-11D3-BF4B-00C04F79EFBC}") = "Reader.Client.Spider", "Reader.Client.Spider\Reader.Client.Spider.csproj", "{BE2957D9-588A-4F80-BBC5-437AC0A9CF61}"
EndProject
Project("{FAE04EC0-301F-11D3-BF4B-00C04F79EFBC}") = "Reader.Client", "Reader.Client\Reader.Client.csproj", "{C1BE4944-24E0-489D-AF09-73EEA1B7E85C}"
EndProject
Global
	GlobalSection(SolutionConfigurationPlatforms) = preSolution
		Debug|Any CPU = Debug|Any CPU
		Release|Any CPU = Release|Any CPU
	EndGlobalSection
	GlobalSection(ProjectConfigurationPlatforms) = postSolution
		{59D83E66-5E05-4291-9276-69CD4E2917B2}.Debug|Any CPU.ActiveCfg = Debug|Any CPU
		{59D83E66-5E05-4291-9276-69CD4E2917B2}.Debug|Any CPU.Build.0 = Debug|Any CPU
		{59D83E66-5E05-4291-9276-69CD4E2917B2}.Release|Any CPU.ActiveCfg = Release|Any CPU
		{59D83E66-5E05-4291-9276-69CD4E2917B2}.Release|Any CPU.Build.0 = Release|Any CPU
		{BE2957D9-588A-4F80-BBC5-437AC0A9CF61}.Debug|Any CPU.ActiveCfg = Debug|Any CPU
		{BE2957D9-588A-4F80-BBC5-437AC0A9CF61}.Debug|Any CPU.Build.0 = Debug|Any CPU
		{BE2957D9-588A-4F80-BBC5-437AC0A9CF61}.Release|Any CPU.ActiveCfg = Release|Any CPU
		{BE2957D9-588A-4F80-BBC5-437AC0A9CF61}.Release|Any CPU.Build.0 = Release|Any CPU
		{C1BE4944-24E0-489D-AF09-73EEA1B7E85C}.Debug|Any CPU.ActiveCfg = Debug|Any CPU
		{C1BE4944-24E0-489D-AF09-73EEA1B7E85C}.Debug|Any CPU.Build.0 = Debug|Any CPU
		{C1BE4944-24E0-489D-AF09-73EEA1B7E85C}.Release|Any CPU.ActiveCfg = Release|Any CPU
		{C1BE4944-24E0-489D-AF09-73EEA1B7E85C}.Release|Any CPU.Build.0 = Release|Any CPU
	EndGlobalSection
	GlobalSection(SolutionProperties) = preSolution
		HideSolutionNode = FALSE
	EndGlobalSection
	GlobalSection(ExtensibilityGlobals) = postSolution
		SolutionGuid = {7069ACEE-8F04-46B2-BA67-2FE6B54E8339}
	EndGlobalSection
EndGlobal
