
Microsoft Visual Studio Solution File, Format Version 12.00
# Visual Studio 2013
VisualStudioVersion = 12.0.21005.1
MinimumVisualStudioVersion = 10.0.40219.1
Project("{FAE04EC0-301F-11D3-BF4B-00C04F79EFBC}") = "ICP3.MailStoring", "ICP3.MailStoring\ICP3.MailStoring.csproj", "{6E3A6EF0-05AB-4BB8-A54B-1EA0A8056D8E}"
EndProject
Project("{FAE04EC0-301F-11D3-BF4B-00C04F79EFBC}") = "ICP3.MailStoring.Service", "ICP3.MailStoring.Service\ICP3.MailStoring.Service.csproj", "{1C43A109-F720-4865-A07B-8C19AF3768FF}"
EndProject
Project("{FAE04EC0-301F-11D3-BF4B-00C04F79EFBC}") = "ICP3.MailStoring.Test", "ICP3.MailStoring.Test\ICP3.MailStoring.Test.csproj", "{5B446D5B-846D-4E84-9FFE-D11E5545C78B}"
EndProject
Global
	GlobalSection(SolutionConfigurationPlatforms) = preSolution
		Debug|Any CPU = Debug|Any CPU
		Release|Any CPU = Release|Any CPU
	EndGlobalSection
	GlobalSection(ProjectConfigurationPlatforms) = postSolution
		{6E3A6EF0-05AB-4BB8-A54B-1EA0A8056D8E}.Debug|Any CPU.ActiveCfg = Debug|Any CPU
		{6E3A6EF0-05AB-4BB8-A54B-1EA0A8056D8E}.Debug|Any CPU.Build.0 = Debug|Any CPU
		{6E3A6EF0-05AB-4BB8-A54B-1EA0A8056D8E}.Release|Any CPU.ActiveCfg = Release|Any CPU
		{6E3A6EF0-05AB-4BB8-A54B-1EA0A8056D8E}.Release|Any CPU.Build.0 = Release|Any CPU
		{1C43A109-F720-4865-A07B-8C19AF3768FF}.Debug|Any CPU.ActiveCfg = Debug|Any CPU
		{1C43A109-F720-4865-A07B-8C19AF3768FF}.Debug|Any CPU.Build.0 = Debug|Any CPU
		{1C43A109-F720-4865-A07B-8C19AF3768FF}.Release|Any CPU.ActiveCfg = Release|Any CPU
		{1C43A109-F720-4865-A07B-8C19AF3768FF}.Release|Any CPU.Build.0 = Release|Any CPU
		{5B446D5B-846D-4E84-9FFE-D11E5545C78B}.Debug|Any CPU.ActiveCfg = Debug|Any CPU
		{5B446D5B-846D-4E84-9FFE-D11E5545C78B}.Debug|Any CPU.Build.0 = Debug|Any CPU
		{5B446D5B-846D-4E84-9FFE-D11E5545C78B}.Release|Any CPU.ActiveCfg = Release|Any CPU
		{5B446D5B-846D-4E84-9FFE-D11E5545C78B}.Release|Any CPU.Build.0 = Release|Any CPU
	EndGlobalSection
	GlobalSection(SolutionProperties) = preSolution
		HideSolutionNode = FALSE
	EndGlobalSection
EndGlobal
