
Microsoft Visual Studio Solution File, Format Version 12.00
# Visual Studio 2013
VisualStudioVersion = 12.0.21005.1
MinimumVisualStudioVersion = 10.0.40219.1
Project("{FAE04EC0-301F-11D3-BF4B-00C04F79EFBC}") = "ICP.FAM.ServiceInterface", "ICP.FAM.ServiceInterface\ICP.FAM.ServiceInterface.csproj", "{5D63F11A-6761-4334-8FD5-3CD8D293F2D0}"
EndProject
Project("{FAE04EC0-301F-11D3-BF4B-00C04F79EFBC}") = "ICP.FAM.ServiceComponent", "ICP.FAM.ServiceComponent\ICP.FAM.ServiceComponent.csproj", "{7A00AEE6-8C3C-48FB-874E-6C5227140AB5}"
EndProject
Project("{FAE04EC0-301F-11D3-BF4B-00C04F79EFBC}") = "ICP.FAM.UI", "ICP.FAM.UI\ICP.FAM.UI.csproj", "{68B9890F-3BC6-4A42-AB3F-52C88FF0C497}"
EndProject
Global
	GlobalSection(TeamFoundationVersionControl) = preSolution
		SccNumberOfProjects = 4
		SccEnterpriseProvider = {4CA58AB2-18FA-4F8D-95D4-32DDF27D184C}
		SccTeamFoundationServer = http://192.168.1.3:8080/tfs/defaultcollection
		SccLocalPath0 = .
		SccProjectUniqueName1 = ICP.FAM.ServiceComponent\\ICP.FAM.ServiceComponent.csproj
		SccProjectName1 = ICP.FAM.ServiceComponent
		SccLocalPath1 = ICP.FAM.ServiceComponent
		SccProjectUniqueName2 = ICP.FAM.ServiceInterface\\ICP.FAM.ServiceInterface.csproj
		SccProjectName2 = ICP.FAM.ServiceInterface
		SccLocalPath2 = ICP.FAM.ServiceInterface
		SccProjectUniqueName3 = ICP.FAM.UI\\ICP.FAM.UI.csproj
		SccProjectName3 = ICP.FAM.UI
		SccLocalPath3 = ICP.FAM.UI
	EndGlobalSection
	GlobalSection(SolutionConfigurationPlatforms) = preSolution
		Debug|Any CPU = Debug|Any CPU
		Debug|x86 = Debug|x86
		Release|Any CPU = Release|Any CPU
		Release|x86 = Release|x86
	EndGlobalSection
	GlobalSection(ProjectConfigurationPlatforms) = postSolution
		{5D63F11A-6761-4334-8FD5-3CD8D293F2D0}.Debug|Any CPU.ActiveCfg = Debug|Any CPU
		{5D63F11A-6761-4334-8FD5-3CD8D293F2D0}.Debug|Any CPU.Build.0 = Debug|Any CPU
		{5D63F11A-6761-4334-8FD5-3CD8D293F2D0}.Debug|x86.ActiveCfg = Debug|x86
		{5D63F11A-6761-4334-8FD5-3CD8D293F2D0}.Debug|x86.Build.0 = Debug|x86
		{5D63F11A-6761-4334-8FD5-3CD8D293F2D0}.Release|Any CPU.ActiveCfg = Release|Any CPU
		{5D63F11A-6761-4334-8FD5-3CD8D293F2D0}.Release|Any CPU.Build.0 = Release|Any CPU
		{5D63F11A-6761-4334-8FD5-3CD8D293F2D0}.Release|x86.ActiveCfg = Release|x86
		{5D63F11A-6761-4334-8FD5-3CD8D293F2D0}.Release|x86.Build.0 = Release|x86
		{7A00AEE6-8C3C-48FB-874E-6C5227140AB5}.Debug|Any CPU.ActiveCfg = Debug|Any CPU
		{7A00AEE6-8C3C-48FB-874E-6C5227140AB5}.Debug|Any CPU.Build.0 = Debug|Any CPU
		{7A00AEE6-8C3C-48FB-874E-6C5227140AB5}.Debug|x86.ActiveCfg = Debug|x86
		{7A00AEE6-8C3C-48FB-874E-6C5227140AB5}.Debug|x86.Build.0 = Debug|x86
		{7A00AEE6-8C3C-48FB-874E-6C5227140AB5}.Release|Any CPU.ActiveCfg = Release|Any CPU
		{7A00AEE6-8C3C-48FB-874E-6C5227140AB5}.Release|Any CPU.Build.0 = Release|Any CPU
		{7A00AEE6-8C3C-48FB-874E-6C5227140AB5}.Release|x86.ActiveCfg = Release|x86
		{7A00AEE6-8C3C-48FB-874E-6C5227140AB5}.Release|x86.Build.0 = Release|x86
		{68B9890F-3BC6-4A42-AB3F-52C88FF0C497}.Debug|Any CPU.ActiveCfg = Debug|Any CPU
		{68B9890F-3BC6-4A42-AB3F-52C88FF0C497}.Debug|Any CPU.Build.0 = Debug|Any CPU
		{68B9890F-3BC6-4A42-AB3F-52C88FF0C497}.Debug|x86.ActiveCfg = Debug|x86
		{68B9890F-3BC6-4A42-AB3F-52C88FF0C497}.Debug|x86.Build.0 = Debug|x86
		{68B9890F-3BC6-4A42-AB3F-52C88FF0C497}.Release|Any CPU.ActiveCfg = Debug|Any CPU
		{68B9890F-3BC6-4A42-AB3F-52C88FF0C497}.Release|Any CPU.Build.0 = Debug|Any CPU
		{68B9890F-3BC6-4A42-AB3F-52C88FF0C497}.Release|x86.ActiveCfg = Release|x86
		{68B9890F-3BC6-4A42-AB3F-52C88FF0C497}.Release|x86.Build.0 = Release|x86
	EndGlobalSection
	GlobalSection(SolutionProperties) = preSolution
		HideSolutionNode = FALSE
	EndGlobalSection
	GlobalSection(ExtensibilityGlobals) = postSolution
		SolutionGuid = {29236DD9-7BB9-43F0-A3F3-39818B4F3E67}
	EndGlobalSection
	GlobalSection(VaultVsipSolution-v2) = preSolution
		VaultHost = http://www.longwin.net/VaultService
		VaultRepositoryID = 3
		VaultRepositoryGUID = 01f49361-0d4e-46bb-bf5a-a3844fbb4d4f
		ProjectCount = 5
		ProjectRelativeDiskPath1 = ICP.FAM.sln
		ProjectRelativeDiskPath2 = ICP.FAM.ServiceInterface\ICP.FAM.ServiceInterface.csproj
		ProjectRelativeDiskPath3 = ICP.FAM.ServiceComponent\ICP.FAM.ServiceComponent.csproj
		ProjectRelativeDiskPath4 = ICP.FAM.UI\ICP.FAM.UI.csproj
		ProjectRelativeDiskPath5 = ICP.FAM.TestProject\ICP.FAM.TestProject.csproj
	EndGlobalSection
EndGlobal
