
Microsoft Visual Studio Solution File, Format Version 12.00
# Visual Studio 2013
VisualStudioVersion = 12.0.40629.0
MinimumVisualStudioVersion = 10.0.40219.1
Project("{FAE04EC0-301F-11D3-BF4B-00C04F79EFBC}") = "ICP.Common.ServiceComponent", "ICP.Common.ServiceComponent\ICP.Common.ServiceComponent.csproj", "{743B3048-B55E-4EF0-B3F6-0F243158337D}"
EndProject
Project("{FAE04EC0-301F-11D3-BF4B-00C04F79EFBC}") = "ICP.Common.ServiceInterface", "ICP.Common.ServiceInterface\ICP.Common.ServiceInterface.csproj", "{51B3A0D7-B210-40DE-AF2E-FDE6C8344AE8}"
EndProject
Project("{FAE04EC0-301F-11D3-BF4B-00C04F79EFBC}") = "ICP.Common.UI", "ICP.Common.UI\ICP.Common.UI.csproj", "{1B81BBAA-EE9D-4BB5-B33D-581DCDCD5391}"
EndProject
Global
	GlobalSection(TeamFoundationVersionControl) = preSolution
		SccNumberOfProjects = 4
		SccEnterpriseProvider = {4CA58AB2-18FA-4F8D-95D4-32DDF27D184C}
		SccTeamFoundationServer = http://192.168.0.16:8080/tfs/defaultcollection
		SccLocalPath0 = .
		SccProjectUniqueName1 = ICP.Common.ServiceComponent\\ICP.Common.ServiceComponent.csproj
		SccProjectName1 = ICP.Common.ServiceComponent
		SccLocalPath1 = ICP.Common.ServiceComponent
		SccProjectUniqueName2 = ICP.Common.ServiceInterface\\ICP.Common.ServiceInterface.csproj
		SccProjectName2 = ICP.Common.ServiceInterface
		SccLocalPath2 = ICP.Common.ServiceInterface
		SccProjectUniqueName3 = ICP.Common.UI\\ICP.Common.UI.csproj
		SccProjectName3 = ICP.Common.UI
		SccLocalPath3 = ICP.Common.UI
	EndGlobalSection
	GlobalSection(SolutionConfigurationPlatforms) = preSolution
		Debug|Any CPU = Debug|Any CPU
		Debug|Itanium = Debug|Itanium
		Release|Any CPU = Release|Any CPU
		Release|Itanium = Release|Itanium
	EndGlobalSection
	GlobalSection(ProjectConfigurationPlatforms) = postSolution
		{743B3048-B55E-4EF0-B3F6-0F243158337D}.Debug|Any CPU.ActiveCfg = Debug|Any CPU
		{743B3048-B55E-4EF0-B3F6-0F243158337D}.Debug|Any CPU.Build.0 = Debug|Any CPU
		{743B3048-B55E-4EF0-B3F6-0F243158337D}.Debug|Itanium.ActiveCfg = Release|Any CPU
		{743B3048-B55E-4EF0-B3F6-0F243158337D}.Debug|Itanium.Build.0 = Release|Any CPU
		{743B3048-B55E-4EF0-B3F6-0F243158337D}.Release|Any CPU.ActiveCfg = Debug|Any CPU
		{743B3048-B55E-4EF0-B3F6-0F243158337D}.Release|Any CPU.Build.0 = Debug|Any CPU
		{743B3048-B55E-4EF0-B3F6-0F243158337D}.Release|Itanium.ActiveCfg = Release|Itanium
		{743B3048-B55E-4EF0-B3F6-0F243158337D}.Release|Itanium.Build.0 = Release|Itanium
		{51B3A0D7-B210-40DE-AF2E-FDE6C8344AE8}.Debug|Any CPU.ActiveCfg = Debug|Any CPU
		{51B3A0D7-B210-40DE-AF2E-FDE6C8344AE8}.Debug|Any CPU.Build.0 = Debug|Any CPU
		{51B3A0D7-B210-40DE-AF2E-FDE6C8344AE8}.Debug|Itanium.ActiveCfg = Debug|Any CPU
		{51B3A0D7-B210-40DE-AF2E-FDE6C8344AE8}.Release|Any CPU.ActiveCfg = Debug|Any CPU
		{51B3A0D7-B210-40DE-AF2E-FDE6C8344AE8}.Release|Any CPU.Build.0 = Debug|Any CPU
		{51B3A0D7-B210-40DE-AF2E-FDE6C8344AE8}.Release|Itanium.ActiveCfg = Release|Any CPU
		{1B81BBAA-EE9D-4BB5-B33D-581DCDCD5391}.Debug|Any CPU.ActiveCfg = Debug|Any CPU
		{1B81BBAA-EE9D-4BB5-B33D-581DCDCD5391}.Debug|Any CPU.Build.0 = Debug|Any CPU
		{1B81BBAA-EE9D-4BB5-B33D-581DCDCD5391}.Debug|Itanium.ActiveCfg = Debug|Any CPU
		{1B81BBAA-EE9D-4BB5-B33D-581DCDCD5391}.Release|Any CPU.ActiveCfg = Debug|Any CPU
		{1B81BBAA-EE9D-4BB5-B33D-581DCDCD5391}.Release|Any CPU.Build.0 = Debug|Any CPU
		{1B81BBAA-EE9D-4BB5-B33D-581DCDCD5391}.Release|Itanium.ActiveCfg = Release|Any CPU
	EndGlobalSection
	GlobalSection(SolutionProperties) = preSolution
		HideSolutionNode = FALSE
	EndGlobalSection
EndGlobal
