
Microsoft Visual Studio Solution File, Format Version 12.00
# Visual Studio 2013
VisualStudioVersion = 12.0.21005.1
MinimumVisualStudioVersion = 10.0.40219.1
Project("{FAE04EC0-301F-11D3-BF4B-00C04F79EFBC}") = "ICP.FilePreviewService", "AdobePDFTest\ICP.FilePreviewService.csproj", "{DD7C0A35-6F41-45AF-991B-9236A096BC48}"
EndProject
Project("{FAE04EC0-301F-11D3-BF4B-00C04F79EFBC}") = "ICP.FilePreviewServiceLibrary", "FilePreviewServiceLibrary\ICP.FilePreviewServiceLibrary.csproj", "{01BBDADC-662A-411F-9D93-D7BB7B793F8A}"
EndProject
Project("{FAE04EC0-301F-11D3-BF4B-00C04F79EFBC}") = "AdobeClient", "AdobeClient\AdobeClient.csproj", "{BC27E9D6-17C4-4AE6-8403-98C376F2391A}"
EndProject
Global
	GlobalSection(TeamFoundationVersionControl) = preSolution
		SccNumberOfProjects = 4
		SccEnterpriseProvider = {4CA58AB2-18FA-4F8D-95D4-32DDF27D184C}
		SccTeamFoundationServer = http://192.168.0.51:8080/tfs/defaultcollection
		SccLocalPath0 = .
		SccProjectUniqueName1 = AdobePDFTest\\ICP.FilePreviewService.csproj
		SccProjectName1 = AdobePDFTest
		SccLocalPath1 = AdobePDFTest
		SccProjectUniqueName2 = FilePreviewServiceLibrary\\ICP.FilePreviewServiceLibrary.csproj
		SccProjectName2 = FilePreviewServiceLibrary
		SccLocalPath2 = FilePreviewServiceLibrary
		SccProjectUniqueName3 = AdobeClient\\AdobeClient.csproj
		SccProjectName3 = AdobeClient
		SccLocalPath3 = AdobeClient
	EndGlobalSection
	GlobalSection(SolutionConfigurationPlatforms) = preSolution
		Debug|Any CPU = Debug|Any CPU
		Debug|Mixed Platforms = Debug|Mixed Platforms
		Debug|x86 = Debug|x86
		Release|Any CPU = Release|Any CPU
		Release|Mixed Platforms = Release|Mixed Platforms
		Release|x86 = Release|x86
	EndGlobalSection
	GlobalSection(ProjectConfigurationPlatforms) = postSolution
		{DD7C0A35-6F41-45AF-991B-9236A096BC48}.Debug|Any CPU.ActiveCfg = Debug|x86
		{DD7C0A35-6F41-45AF-991B-9236A096BC48}.Debug|Mixed Platforms.ActiveCfg = Debug|x86
		{DD7C0A35-6F41-45AF-991B-9236A096BC48}.Debug|Mixed Platforms.Build.0 = Debug|x86
		{DD7C0A35-6F41-45AF-991B-9236A096BC48}.Debug|x86.ActiveCfg = Debug|x86
		{DD7C0A35-6F41-45AF-991B-9236A096BC48}.Debug|x86.Build.0 = Debug|x86
		{DD7C0A35-6F41-45AF-991B-9236A096BC48}.Release|Any CPU.ActiveCfg = Release|x86
		{DD7C0A35-6F41-45AF-991B-9236A096BC48}.Release|Mixed Platforms.ActiveCfg = Release|x86
		{DD7C0A35-6F41-45AF-991B-9236A096BC48}.Release|Mixed Platforms.Build.0 = Release|x86
		{DD7C0A35-6F41-45AF-991B-9236A096BC48}.Release|x86.ActiveCfg = Release|x86
		{DD7C0A35-6F41-45AF-991B-9236A096BC48}.Release|x86.Build.0 = Release|x86
		{01BBDADC-662A-411F-9D93-D7BB7B793F8A}.Debug|Any CPU.ActiveCfg = Debug|Any CPU
		{01BBDADC-662A-411F-9D93-D7BB7B793F8A}.Debug|Any CPU.Build.0 = Debug|Any CPU
		{01BBDADC-662A-411F-9D93-D7BB7B793F8A}.Debug|Mixed Platforms.ActiveCfg = Debug|Any CPU
		{01BBDADC-662A-411F-9D93-D7BB7B793F8A}.Debug|Mixed Platforms.Build.0 = Debug|Any CPU
		{01BBDADC-662A-411F-9D93-D7BB7B793F8A}.Debug|x86.ActiveCfg = Debug|Any CPU
		{01BBDADC-662A-411F-9D93-D7BB7B793F8A}.Release|Any CPU.ActiveCfg = Release|Any CPU
		{01BBDADC-662A-411F-9D93-D7BB7B793F8A}.Release|Any CPU.Build.0 = Release|Any CPU
		{01BBDADC-662A-411F-9D93-D7BB7B793F8A}.Release|Mixed Platforms.ActiveCfg = Release|Any CPU
		{01BBDADC-662A-411F-9D93-D7BB7B793F8A}.Release|Mixed Platforms.Build.0 = Release|Any CPU
		{01BBDADC-662A-411F-9D93-D7BB7B793F8A}.Release|x86.ActiveCfg = Release|Any CPU
		{BC27E9D6-17C4-4AE6-8403-98C376F2391A}.Debug|Any CPU.ActiveCfg = Debug|x86
		{BC27E9D6-17C4-4AE6-8403-98C376F2391A}.Debug|Mixed Platforms.ActiveCfg = Debug|x86
		{BC27E9D6-17C4-4AE6-8403-98C376F2391A}.Debug|Mixed Platforms.Build.0 = Debug|x86
		{BC27E9D6-17C4-4AE6-8403-98C376F2391A}.Debug|x86.ActiveCfg = Debug|x86
		{BC27E9D6-17C4-4AE6-8403-98C376F2391A}.Debug|x86.Build.0 = Debug|x86
		{BC27E9D6-17C4-4AE6-8403-98C376F2391A}.Release|Any CPU.ActiveCfg = Release|x86
		{BC27E9D6-17C4-4AE6-8403-98C376F2391A}.Release|Mixed Platforms.ActiveCfg = Release|x86
		{BC27E9D6-17C4-4AE6-8403-98C376F2391A}.Release|Mixed Platforms.Build.0 = Release|x86
		{BC27E9D6-17C4-4AE6-8403-98C376F2391A}.Release|x86.ActiveCfg = Release|x86
		{BC27E9D6-17C4-4AE6-8403-98C376F2391A}.Release|x86.Build.0 = Release|x86
	EndGlobalSection
	GlobalSection(SolutionProperties) = preSolution
		HideSolutionNode = FALSE
	EndGlobalSection
EndGlobal
