
Microsoft Visual Studio Solution File, Format Version 12.00
# Visual Studio Version 17
VisualStudioVersion = 17.8.34330.188
MinimumVisualStudioVersion = 10.0.40219.1
Project("{9A19103F-16F7-4668-BE54-9A1E7A4F7556}") = "DG", "DG\DG.csproj", "{894B3F75-FA50-4E9F-B0C1-018309AE395F}"
EndProject
Project("{9A19103F-16F7-4668-BE54-9A1E7A4F7556}") = "DG.Model", "DG.Model\DG.Model.csproj", "{DFB657AD-E2CF-4279-A8CA-B327100778BF}"
EndProject
Project("{9A19103F-16F7-4668-BE54-9A1E7A4F7556}") = "DG.DataAccess", "DG.DataAccess\DG.DataAccess.csproj", "{0D54E982-888B-4C2D-8D65-64CCE2B32DD3}"
EndProject
Project("{9A19103F-16F7-4668-BE54-9A1E7A4F7556}") = "DG.ViewModel", "DG.ViewModel\DG.ViewModel.csproj", "{221DA0F8-3484-451C-9584-33D645000976}"
EndProject
Project("{9A19103F-16F7-4668-BE54-9A1E7A4F7556}") = "DG.Client", "DG.Client\DG.Client.csproj", "{CF5BC1AA-B313-4D2D-B822-A06E87E2204B}"
EndProject
Project("{9A19103F-16F7-4668-BE54-9A1E7A4F7556}") = "DG.Shared", "DG.Shared\DG.Shared.csproj", "{CDA04262-1705-42BF-BD26-43232D608A9A}"
EndProject
Project("{9A19103F-16F7-4668-BE54-9A1E7A4F7556}") = "DG.Test", "DG.Test\DG.Test.csproj", "{67B505F8-6928-4D04-A989-60DEEBD45E80}"
EndProject
Global
	GlobalSection(SolutionConfigurationPlatforms) = preSolution
		Debug|Any CPU = Debug|Any CPU
		Release|Any CPU = Release|Any CPU
	EndGlobalSection
	GlobalSection(ProjectConfigurationPlatforms) = postSolution
		{894B3F75-FA50-4E9F-B0C1-018309AE395F}.Debug|Any CPU.ActiveCfg = Debug|Any CPU
		{894B3F75-FA50-4E9F-B0C1-018309AE395F}.Debug|Any CPU.Build.0 = Debug|Any CPU
		{894B3F75-FA50-4E9F-B0C1-018309AE395F}.Release|Any CPU.ActiveCfg = Release|Any CPU
		{894B3F75-FA50-4E9F-B0C1-018309AE395F}.Release|Any CPU.Build.0 = Release|Any CPU
		{DFB657AD-E2CF-4279-A8CA-B327100778BF}.Debug|Any CPU.ActiveCfg = Debug|Any CPU
		{DFB657AD-E2CF-4279-A8CA-B327100778BF}.Debug|Any CPU.Build.0 = Debug|Any CPU
		{DFB657AD-E2CF-4279-A8CA-B327100778BF}.Release|Any CPU.ActiveCfg = Release|Any CPU
		{DFB657AD-E2CF-4279-A8CA-B327100778BF}.Release|Any CPU.Build.0 = Release|Any CPU
		{0D54E982-888B-4C2D-8D65-64CCE2B32DD3}.Debug|Any CPU.ActiveCfg = Debug|Any CPU
		{0D54E982-888B-4C2D-8D65-64CCE2B32DD3}.Debug|Any CPU.Build.0 = Debug|Any CPU
		{0D54E982-888B-4C2D-8D65-64CCE2B32DD3}.Release|Any CPU.ActiveCfg = Release|Any CPU
		{0D54E982-888B-4C2D-8D65-64CCE2B32DD3}.Release|Any CPU.Build.0 = Release|Any CPU
		{221DA0F8-3484-451C-9584-33D645000976}.Debug|Any CPU.ActiveCfg = Debug|Any CPU
		{221DA0F8-3484-451C-9584-33D645000976}.Debug|Any CPU.Build.0 = Debug|Any CPU
		{221DA0F8-3484-451C-9584-33D645000976}.Release|Any CPU.ActiveCfg = Release|Any CPU
		{221DA0F8-3484-451C-9584-33D645000976}.Release|Any CPU.Build.0 = Release|Any CPU
		{CF5BC1AA-B313-4D2D-B822-A06E87E2204B}.Debug|Any CPU.ActiveCfg = Debug|Any CPU
		{CF5BC1AA-B313-4D2D-B822-A06E87E2204B}.Debug|Any CPU.Build.0 = Debug|Any CPU
		{CF5BC1AA-B313-4D2D-B822-A06E87E2204B}.Release|Any CPU.ActiveCfg = Release|Any CPU
		{CF5BC1AA-B313-4D2D-B822-A06E87E2204B}.Release|Any CPU.Build.0 = Release|Any CPU
		{CDA04262-1705-42BF-BD26-43232D608A9A}.Debug|Any CPU.ActiveCfg = Debug|Any CPU
		{CDA04262-1705-42BF-BD26-43232D608A9A}.Debug|Any CPU.Build.0 = Debug|Any CPU
		{CDA04262-1705-42BF-BD26-43232D608A9A}.Release|Any CPU.ActiveCfg = Release|Any CPU
		{CDA04262-1705-42BF-BD26-43232D608A9A}.Release|Any CPU.Build.0 = Release|Any CPU
		{67B505F8-6928-4D04-A989-60DEEBD45E80}.Debug|Any CPU.ActiveCfg = Debug|Any CPU
		{67B505F8-6928-4D04-A989-60DEEBD45E80}.Debug|Any CPU.Build.0 = Debug|Any CPU
		{67B505F8-6928-4D04-A989-60DEEBD45E80}.Release|Any CPU.ActiveCfg = Release|Any CPU
		{67B505F8-6928-4D04-A989-60DEEBD45E80}.Release|Any CPU.Build.0 = Release|Any CPU
	EndGlobalSection
	GlobalSection(SolutionProperties) = preSolution
		HideSolutionNode = FALSE
	EndGlobalSection
	GlobalSection(ExtensibilityGlobals) = postSolution
		SolutionGuid = {1F219808-E6E8-4C1D-B846-41F2F7CF20FA}
	EndGlobalSection
EndGlobal
