
Microsoft Visual Studio Solution File, Format Version 12.00
# Visual Studio 2013
VisualStudioVersion = 12.0.21005.1
MinimumVisualStudioVersion = 10.0.40219.1
Project("{2150E333-8FDC-42A3-9474-1A3956D46DE8}") = "Document", "Document", "{66A4B535-C1DA-487F-8B36-0806AE188B8C}"
EndProject
Project("{2150E333-8FDC-42A3-9474-1A3956D46DE8}") = "CodeTemplate", "CodeTemplate", "{C290D37B-453B-4E54-BCCA-DBEC2EA7A7DC}"
EndProject
Project("{FAE04EC0-301F-11D3-BF4B-00C04F79EFBC}") = "ICP.OA.ServiceComponent", "ICP.OA.ServiceComponent\ICP.OA.ServiceComponent.csproj", "{C12F6FFF-07C7-4655-B571-D03BC7221E0E}"
EndProject
Project("{FAE04EC0-301F-11D3-BF4B-00C04F79EFBC}") = "ICP.OA.ServiceInterface", "ICP.OA.ServiceInterface\ICP.OA.ServiceInterface.csproj", "{C7252A64-7FDE-4EFE-A694-127CCD9AE374}"
EndProject
Project("{FAE04EC0-301F-11D3-BF4B-00C04F79EFBC}") = "ICP.OA.UI", "ICP.OA.UI\ICP.OA.UI.csproj", "{9A0E9B29-FF0F-4526-823F-0B684E6177CF}"
EndProject
Project("{FAE04EC0-301F-11D3-BF4B-00C04F79EFBC}") = "ICP.OA.FaxStateUpdateService", "ICP.OA.FaxStateUpdateService\ICP.OA.FaxStateUpdateService.csproj", "{FF070031-0AC8-44D1-8B50-FBCCD6B58269}"
EndProject
Project("{FAE04EC0-301F-11D3-BF4B-00C04F79EFBC}") = "ICP.Message.ServiceInterface", "ICP.OA.MessageService\ICP.Message.ServiceInterface.csproj", "{00DD44E5-7617-4D04-A470-8749FEB949C5}"
EndProject
Project("{FAE04EC0-301F-11D3-BF4B-00C04F79EFBC}") = "ICP.Message.ServiceComponent", "ICP.Message.ServiceComponent\ICP.Message.ServiceComponent.csproj", "{D1EBF61B-892D-45F5-A07B-9B0008BB32F2}"
EndProject
Project("{FAE04EC0-301F-11D3-BF4B-00C04F79EFBC}") = "ICP.Message.Business", "ICP.Message.UI\ICP.Message.Business.csproj", "{BD296D6F-E1BB-44EF-9792-20B64CBDB0DB}"
EndProject
Project("{FAE04EC0-301F-11D3-BF4B-00C04F79EFBC}") = "ICP.Message.LocalFunction", "ICP.Message.LocalFunction\ICP.Message.LocalFunction.csproj", "{DE13E0DB-CE3D-4A10-952F-8CC61467E53E}"
EndProject
Project("{FAE04EC0-301F-11D3-BF4B-00C04F79EFBC}") = "ICP.Message.Client", "ICP.Message.Client\ICP.Message.Client.csproj", "{87FE33BA-1BE1-4D45-93C7-027484836FB0}"
EndProject
Project("{FAE04EC0-301F-11D3-BF4B-00C04F79EFBC}") = "ICP.OA.DataUpdate", "ICP.OA.DataUpdate\ICP.OA.DataUpdate.csproj", "{086926BD-8B31-4735-8863-F109D0B2D2EE}"
EndProject
Project("{FAE04EC0-301F-11D3-BF4B-00C04F79EFBC}") = "ICP.SubscriptionPublish.Client", "ICP.SubscriptionSubscriptionCenter\ICP.SubscriptionPublish.Client.csproj", "{05656430-7426-44CC-8774-9615168419BF}"
EndProject
Project("{FAE04EC0-301F-11D3-BF4B-00C04F79EFBC}") = "ICP.SubscriptionPublish.ServiceInterface", "ICP.SubscriptionPublishInter\ICP.SubscriptionPublish.ServiceInterface.csproj", "{AFC1DA92-C36C-4B61-842C-CF789369FBEC}"
EndProject
Project("{FAE04EC0-301F-11D3-BF4B-00C04F79EFBC}") = "ICP.SubscriptionPublish.ServiceComponent", "ICP.SubscriptionPublish.ServiceComponent\ICP.SubscriptionPublish.ServiceComponent.csproj", "{493640ED-82DB-4229-B791-83E21846A864}"
EndProject
Global
	GlobalSection(TeamFoundationVersionControl) = preSolution
		SccNumberOfProjects = 14
		SccEnterpriseProvider = {4CA58AB2-18FA-4F8D-95D4-32DDF27D184C}
		SccTeamFoundationServer = http://192.168.0.51:8080/tfs/defaultcollection
		SccLocalPath0 = .
		SccProjectUniqueName1 = ICP.OA.ServiceComponent\\ICP.OA.ServiceComponent.csproj
		SccProjectName1 = ICP.OA.ServiceComponent
		SccLocalPath1 = ICP.OA.ServiceComponent
		SccProjectUniqueName2 = ICP.OA.ServiceInterface\\ICP.OA.ServiceInterface.csproj
		SccProjectName2 = ICP.OA.ServiceInterface
		SccLocalPath2 = ICP.OA.ServiceInterface
		SccProjectUniqueName3 = ICP.OA.UI\\ICP.OA.UI.csproj
		SccProjectName3 = ICP.OA.UI
		SccLocalPath3 = ICP.OA.UI
		SccProjectUniqueName4 = ICP.OA.FaxStateUpdateService\\ICP.OA.FaxStateUpdateService.csproj
		SccProjectName4 = ICP.OA.FaxStateUpdateService
		SccLocalPath4 = ICP.OA.FaxStateUpdateService
		SccProjectUniqueName5 = ICP.OA.MessageService\\ICP.Message.ServiceInterface.csproj
		SccProjectName5 = ICP.OA.MessageService
		SccLocalPath5 = ICP.OA.MessageService
		SccProjectUniqueName6 = ICP.Message.ServiceComponent\\ICP.Message.ServiceComponent.csproj
		SccProjectName6 = ICP.Message.ServiceComponent
		SccLocalPath6 = ICP.Message.ServiceComponent
		SccProjectUniqueName7 = ICP.Message.UI\\ICP.Message.Business.csproj
		SccProjectName7 = ICP.Message.UI
		SccLocalPath7 = ICP.Message.UI
		SccProjectUniqueName8 = ICP.Message.LocalFunction\\ICP.Message.LocalFunction.csproj
		SccProjectName8 = ICP.Message.LocalFunction
		SccLocalPath8 = ICP.Message.LocalFunction
		SccProjectUniqueName9 = ICP.Message.Client\\ICP.Message.Client.csproj
		SccProjectName9 = ICP.Message.Client
		SccLocalPath9 = ICP.Message.Client
		SccProjectUniqueName10 = ICP.OA.DataUpdate\\ICP.OA.DataUpdate.csproj
		SccProjectName10 = ICP.OA.DataUpdate
		SccLocalPath10 = ICP.OA.DataUpdate
		SccProjectUniqueName11 = ICP.SubscriptionPublishInter\\ICP.SubscriptionPublish.ServiceInterface.csproj
		SccProjectName11 = ICP.SubscriptionPublishInter
		SccLocalPath11 = ICP.SubscriptionPublishInter
		SccProjectUniqueName12 = ICP.SubscriptionSubscriptionCenter\\ICP.SubscriptionPublish.Client.csproj
		SccProjectName12 = ICP.SubscriptionSubscriptionCenter
		SccLocalPath12 = ICP.SubscriptionSubscriptionCenter
		SccProjectUniqueName13 = ICP.SubscriptionPublish.ServiceComponent\\ICP.SubscriptionPublish.ServiceComponent.csproj
		SccProjectName13 = ICP.SubscriptionPublish.ServiceComponent
		SccLocalPath13 = ICP.SubscriptionPublish.ServiceComponent
	EndGlobalSection
	GlobalSection(SolutionConfigurationPlatforms) = preSolution
		Debug|Any CPU = Debug|Any CPU
		Release|Any CPU = Release|Any CPU
	EndGlobalSection
	GlobalSection(ProjectConfigurationPlatforms) = postSolution
		{C12F6FFF-07C7-4655-B571-D03BC7221E0E}.Debug|Any CPU.ActiveCfg = Debug|Any CPU
		{C12F6FFF-07C7-4655-B571-D03BC7221E0E}.Debug|Any CPU.Build.0 = Debug|Any CPU
		{C12F6FFF-07C7-4655-B571-D03BC7221E0E}.Release|Any CPU.ActiveCfg = Release|Any CPU
		{C12F6FFF-07C7-4655-B571-D03BC7221E0E}.Release|Any CPU.Build.0 = Release|Any CPU
		{C7252A64-7FDE-4EFE-A694-127CCD9AE374}.Debug|Any CPU.ActiveCfg = Debug|Any CPU
		{C7252A64-7FDE-4EFE-A694-127CCD9AE374}.Debug|Any CPU.Build.0 = Debug|Any CPU
		{C7252A64-7FDE-4EFE-A694-127CCD9AE374}.Release|Any CPU.ActiveCfg = Release|Any CPU
		{C7252A64-7FDE-4EFE-A694-127CCD9AE374}.Release|Any CPU.Build.0 = Release|Any CPU
		{9A0E9B29-FF0F-4526-823F-0B684E6177CF}.Debug|Any CPU.ActiveCfg = Debug|Any CPU
		{9A0E9B29-FF0F-4526-823F-0B684E6177CF}.Debug|Any CPU.Build.0 = Debug|Any CPU
		{9A0E9B29-FF0F-4526-823F-0B684E6177CF}.Release|Any CPU.ActiveCfg = Release|Any CPU
		{9A0E9B29-FF0F-4526-823F-0B684E6177CF}.Release|Any CPU.Build.0 = Release|Any CPU
		{FF070031-0AC8-44D1-8B50-FBCCD6B58269}.Debug|Any CPU.ActiveCfg = Debug|Any CPU
		{FF070031-0AC8-44D1-8B50-FBCCD6B58269}.Debug|Any CPU.Build.0 = Debug|Any CPU
		{FF070031-0AC8-44D1-8B50-FBCCD6B58269}.Release|Any CPU.ActiveCfg = Release|Any CPU
		{FF070031-0AC8-44D1-8B50-FBCCD6B58269}.Release|Any CPU.Build.0 = Release|Any CPU
		{00DD44E5-7617-4D04-A470-8749FEB949C5}.Debug|Any CPU.ActiveCfg = Debug|Any CPU
		{00DD44E5-7617-4D04-A470-8749FEB949C5}.Debug|Any CPU.Build.0 = Debug|Any CPU
		{00DD44E5-7617-4D04-A470-8749FEB949C5}.Release|Any CPU.ActiveCfg = Release|Any CPU
		{00DD44E5-7617-4D04-A470-8749FEB949C5}.Release|Any CPU.Build.0 = Release|Any CPU
		{D1EBF61B-892D-45F5-A07B-9B0008BB32F2}.Debug|Any CPU.ActiveCfg = Debug|Any CPU
		{D1EBF61B-892D-45F5-A07B-9B0008BB32F2}.Debug|Any CPU.Build.0 = Debug|Any CPU
		{D1EBF61B-892D-45F5-A07B-9B0008BB32F2}.Release|Any CPU.ActiveCfg = Debug|Any CPU
		{D1EBF61B-892D-45F5-A07B-9B0008BB32F2}.Release|Any CPU.Build.0 = Debug|Any CPU
		{BD296D6F-E1BB-44EF-9792-20B64CBDB0DB}.Debug|Any CPU.ActiveCfg = Debug|Any CPU
		{BD296D6F-E1BB-44EF-9792-20B64CBDB0DB}.Debug|Any CPU.Build.0 = Debug|Any CPU
		{BD296D6F-E1BB-44EF-9792-20B64CBDB0DB}.Release|Any CPU.ActiveCfg = Debug|Any CPU
		{BD296D6F-E1BB-44EF-9792-20B64CBDB0DB}.Release|Any CPU.Build.0 = Debug|Any CPU
		{DE13E0DB-CE3D-4A10-952F-8CC61467E53E}.Debug|Any CPU.ActiveCfg = Debug|Any CPU
		{DE13E0DB-CE3D-4A10-952F-8CC61467E53E}.Debug|Any CPU.Build.0 = Debug|Any CPU
		{DE13E0DB-CE3D-4A10-952F-8CC61467E53E}.Release|Any CPU.ActiveCfg = Release|Any CPU
		{DE13E0DB-CE3D-4A10-952F-8CC61467E53E}.Release|Any CPU.Build.0 = Release|Any CPU
		{87FE33BA-1BE1-4D45-93C7-027484836FB0}.Debug|Any CPU.ActiveCfg = Debug|Any CPU
		{87FE33BA-1BE1-4D45-93C7-027484836FB0}.Debug|Any CPU.Build.0 = Debug|Any CPU
		{87FE33BA-1BE1-4D45-93C7-027484836FB0}.Release|Any CPU.ActiveCfg = Release|Any CPU
		{87FE33BA-1BE1-4D45-93C7-027484836FB0}.Release|Any CPU.Build.0 = Release|Any CPU
		{086926BD-8B31-4735-8863-F109D0B2D2EE}.Debug|Any CPU.ActiveCfg = Debug|Any CPU
		{086926BD-8B31-4735-8863-F109D0B2D2EE}.Debug|Any CPU.Build.0 = Debug|Any CPU
		{086926BD-8B31-4735-8863-F109D0B2D2EE}.Release|Any CPU.ActiveCfg = Release|Any CPU
		{086926BD-8B31-4735-8863-F109D0B2D2EE}.Release|Any CPU.Build.0 = Release|Any CPU
		{05656430-7426-44CC-8774-9615168419BF}.Debug|Any CPU.ActiveCfg = Debug|Any CPU
		{05656430-7426-44CC-8774-9615168419BF}.Debug|Any CPU.Build.0 = Debug|Any CPU
		{05656430-7426-44CC-8774-9615168419BF}.Release|Any CPU.ActiveCfg = Debug|Any CPU
		{05656430-7426-44CC-8774-9615168419BF}.Release|Any CPU.Build.0 = Debug|Any CPU
		{AFC1DA92-C36C-4B61-842C-CF789369FBEC}.Debug|Any CPU.ActiveCfg = Debug|Any CPU
		{AFC1DA92-C36C-4B61-842C-CF789369FBEC}.Debug|Any CPU.Build.0 = Debug|Any CPU
		{AFC1DA92-C36C-4B61-842C-CF789369FBEC}.Release|Any CPU.ActiveCfg = Release|Any CPU
		{AFC1DA92-C36C-4B61-842C-CF789369FBEC}.Release|Any CPU.Build.0 = Release|Any CPU
		{493640ED-82DB-4229-B791-83E21846A864}.Debug|Any CPU.ActiveCfg = Debug|Any CPU
		{493640ED-82DB-4229-B791-83E21846A864}.Debug|Any CPU.Build.0 = Debug|Any CPU
		{493640ED-82DB-4229-B791-83E21846A864}.Release|Any CPU.ActiveCfg = Release|Any CPU
		{493640ED-82DB-4229-B791-83E21846A864}.Release|Any CPU.Build.0 = Release|Any CPU
	EndGlobalSection
	GlobalSection(SolutionProperties) = preSolution
		HideSolutionNode = FALSE
	EndGlobalSection
	GlobalSection(NestedProjects) = preSolution
		{C290D37B-453B-4E54-BCCA-DBEC2EA7A7DC} = {66A4B535-C1DA-487F-8B36-0806AE188B8C}
	EndGlobalSection
EndGlobal
