
Microsoft Visual Studio Solution File, Format Version 12.00
# Visual Studio 2013
VisualStudioVersion = 12.0.21005.1
MinimumVisualStudioVersion = 10.0.40219.1
Project("{FAE04EC0-301F-11D3-BF4B-00C04F79EFBC}") = "ICP.System.ServiceComponent", "ICP.System.ServiceComponent\ICP.System.ServiceComponent.csproj", "{4CE957A9-D1D9-43FA-81F5-76A35F5E9A70}"
EndProject
Project("{FAE04EC0-301F-11D3-BF4B-00C04F79EFBC}") = "ICP.System.ServiceInterface", "ICP.System.ServiceInterface\ICP.System.ServiceInterface.csproj", "{FE6AED35-547C-4F8E-AEA1-D8B9C61D7498}"
EndProject
Project("{FAE04EC0-301F-11D3-BF4B-00C04F79EFBC}") = "ICP.System.UI", "ICP.System.UI\ICP.System.UI.csproj", "{FC89B42C-053F-4E8A-BE74-C1C8E3E360E8}"
EndProject
Project("{FAE04EC0-301F-11D3-BF4B-00C04F79EFBC}") = "ICP.Test", "ICP.Test\ICP.Test.csproj", "{343B122C-0A69-43A4-A3A3-C04BA545B9A7}"
EndProject
Global
	GlobalSection(TeamFoundationVersionControl) = preSolution
		SccNumberOfProjects = 5
		SccEnterpriseProvider = {4CA58AB2-18FA-4F8D-95D4-32DDF27D184C}
		SccTeamFoundationServer = http://192.168.0.51:8080/tfs/defaultcollection
		SccLocalPath0 = .
		SccProjectUniqueName1 = ICP.System.ServiceComponent\\ICP.System.ServiceComponent.csproj
		SccProjectName1 = ICP.System.ServiceComponent
		SccLocalPath1 = ICP.System.ServiceComponent
		SccProjectUniqueName2 = ICP.System.ServiceInterface\\ICP.System.ServiceInterface.csproj
		SccProjectName2 = ICP.System.ServiceInterface
		SccLocalPath2 = ICP.System.ServiceInterface
		SccProjectUniqueName3 = ICP.System.UI\\ICP.System.UI.csproj
		SccProjectName3 = ICP.System.UI
		SccLocalPath3 = ICP.System.UI
		SccProjectUniqueName4 = ICP.Test\\ICP.Test.csproj
		SccProjectName4 = ICP.Test
		SccLocalPath4 = ICP.Test
	EndGlobalSection
	GlobalSection(SolutionConfigurationPlatforms) = preSolution
		Debug|Any CPU = Debug|Any CPU
		Release|Any CPU = Release|Any CPU
	EndGlobalSection
	GlobalSection(ProjectConfigurationPlatforms) = postSolution
		{4CE957A9-D1D9-43FA-81F5-76A35F5E9A70}.Debug|Any CPU.ActiveCfg = Debug|Any CPU
		{4CE957A9-D1D9-43FA-81F5-76A35F5E9A70}.Debug|Any CPU.Build.0 = Debug|Any CPU
		{4CE957A9-D1D9-43FA-81F5-76A35F5E9A70}.Release|Any CPU.ActiveCfg = Release|Any CPU
		{4CE957A9-D1D9-43FA-81F5-76A35F5E9A70}.Release|Any CPU.Build.0 = Release|Any CPU
		{FE6AED35-547C-4F8E-AEA1-D8B9C61D7498}.Debug|Any CPU.ActiveCfg = Debug|Any CPU
		{FE6AED35-547C-4F8E-AEA1-D8B9C61D7498}.Debug|Any CPU.Build.0 = Debug|Any CPU
		{FE6AED35-547C-4F8E-AEA1-D8B9C61D7498}.Release|Any CPU.ActiveCfg = Release|Any CPU
		{FE6AED35-547C-4F8E-AEA1-D8B9C61D7498}.Release|Any CPU.Build.0 = Release|Any CPU
		{FC89B42C-053F-4E8A-BE74-C1C8E3E360E8}.Debug|Any CPU.ActiveCfg = Debug|Any CPU
		{FC89B42C-053F-4E8A-BE74-C1C8E3E360E8}.Debug|Any CPU.Build.0 = Debug|Any CPU
		{FC89B42C-053F-4E8A-BE74-C1C8E3E360E8}.Release|Any CPU.ActiveCfg = Release|Any CPU
		{FC89B42C-053F-4E8A-BE74-C1C8E3E360E8}.Release|Any CPU.Build.0 = Release|Any CPU
		{343B122C-0A69-43A4-A3A3-C04BA545B9A7}.Debug|Any CPU.ActiveCfg = Debug|Any CPU
		{343B122C-0A69-43A4-A3A3-C04BA545B9A7}.Debug|Any CPU.Build.0 = Debug|Any CPU
		{343B122C-0A69-43A4-A3A3-C04BA545B9A7}.Release|Any CPU.ActiveCfg = Release|Any CPU
		{343B122C-0A69-43A4-A3A3-C04BA545B9A7}.Release|Any CPU.Build.0 = Release|Any CPU
	EndGlobalSection
	GlobalSection(SolutionProperties) = preSolution
		HideSolutionNode = FALSE
	EndGlobalSection
EndGlobal
