
Microsoft Visual Studio Solution File, Format Version 12.00
# Visual Studio 2013
VisualStudioVersion = 12.0.21005.1
MinimumVisualStudioVersion = 10.0.40219.1
Project("{FAE04EC0-301F-11D3-BF4B-00C04F79EFBC}") = "ICP.TaskCenter.UI", "TaskCenter\ICP.TaskCenter.UI.csproj", "{49ED8462-3B73-4B5E-80F1-F0C99129A4A0}"
EndProject
Project("{FAE04EC0-301F-11D3-BF4B-00C04F79EFBC}") = "ICP.TaskCenter.ServiceComponent", "ICP.TaskCenter.ServiceComponent\ICP.TaskCenter.ServiceComponent.csproj", "{392E4B27-C097-4574-B8E4-5FC9CB44A735}"
EndProject
Project("{FAE04EC0-301F-11D3-BF4B-00C04F79EFBC}") = "ICP.TaskCenter.ServiceInterface", "ICP.TaskCenter.ServiceInterface\ICP.TaskCenter.ServiceInterface.csproj", "{D87AC354-85E8-496F-97BF-75133E06B6FC}"
EndProject
Project("{FAE04EC0-301F-11D3-BF4B-00C04F79EFBC}") = "ICP.Operation.Common.ServiceInterface", "ICP.Operation.Common.ServiceInterface\ICP.Operation.Common.ServiceInterface.csproj", "{245AF769-7EBF-4713-8FB9-E25A9A5CE924}"
EndProject
Project("{FAE04EC0-301F-11D3-BF4B-00C04F79EFBC}") = "ICP.Common.CommandHandler.ServiceInterface", "ICP.Common.CommandHandler.ServiceInterface\ICP.Common.CommandHandler.ServiceInterface.csproj", "{9F1DC363-A110-464A-94BB-2372F8EB434F}"
EndProject
Project("{FAE04EC0-301F-11D3-BF4B-00C04F79EFBC}") = "ICP.Operation.Common.UI", "ICP.Operation.Common.UI\ICP.Operation.Common.UI.csproj", "{406670DD-3FD5-43D7-BFBE-0AD765F8AB47}"
EndProject
Global
	GlobalSection(TeamFoundationVersionControl) = preSolution
		SccNumberOfProjects = 7
		SccEnterpriseProvider = {4CA58AB2-18FA-4F8D-95D4-32DDF27D184C}
		SccTeamFoundationServer = http://192.168.0.51:8080/tfs/defaultcollection
		SccLocalPath0 = .
		SccProjectUniqueName1 = ICP.TaskCenter.ServiceComponent\\ICP.TaskCenter.ServiceComponent.csproj
		SccProjectName1 = ICP.TaskCenter.ServiceComponent
		SccLocalPath1 = ICP.TaskCenter.ServiceComponent
		SccProjectUniqueName2 = ICP.TaskCenter.ServiceInterface\\ICP.TaskCenter.ServiceInterface.csproj
		SccProjectName2 = ICP.TaskCenter.ServiceInterface
		SccLocalPath2 = ICP.TaskCenter.ServiceInterface
		SccProjectUniqueName3 = TaskCenter\\ICP.TaskCenter.UI.csproj
		SccProjectName3 = TaskCenter
		SccLocalPath3 = TaskCenter
		SccProjectUniqueName4 = ICP.Operation.Common.UI\\ICP.Operation.Common.UI.csproj
		SccProjectName4 = ICP.Operation.Common.UI
		SccLocalPath4 = ICP.Operation.Common.UI
		SccProjectUniqueName5 = ICP.Common.CommandHandler.ServiceInterface\\ICP.Common.CommandHandler.ServiceInterface.csproj
		SccProjectName5 = ICP.Common.CommandHandler.ServiceInterface
		SccLocalPath5 = ICP.Common.CommandHandler.ServiceInterface
		SccProjectUniqueName6 = ICP.Operation.Common.ServiceInterface\\ICP.Operation.Common.ServiceInterface.csproj
		SccProjectName6 = ICP.Operation.Common.ServiceInterface
		SccLocalPath6 = ICP.Operation.Common.ServiceInterface
	EndGlobalSection
	GlobalSection(SolutionConfigurationPlatforms) = preSolution
		Debug|Any CPU = Debug|Any CPU
		Release|Any CPU = Release|Any CPU
	EndGlobalSection
	GlobalSection(ProjectConfigurationPlatforms) = postSolution
		{49ED8462-3B73-4B5E-80F1-F0C99129A4A0}.Debug|Any CPU.ActiveCfg = Debug|Any CPU
		{49ED8462-3B73-4B5E-80F1-F0C99129A4A0}.Release|Any CPU.ActiveCfg = Release|Any CPU
		{392E4B27-C097-4574-B8E4-5FC9CB44A735}.Debug|Any CPU.ActiveCfg = Debug|Any CPU
		{392E4B27-C097-4574-B8E4-5FC9CB44A735}.Release|Any CPU.ActiveCfg = Release|Any CPU
		{D87AC354-85E8-496F-97BF-75133E06B6FC}.Debug|Any CPU.ActiveCfg = Debug|Any CPU
		{D87AC354-85E8-496F-97BF-75133E06B6FC}.Release|Any CPU.ActiveCfg = Release|Any CPU
		{245AF769-7EBF-4713-8FB9-E25A9A5CE924}.Debug|Any CPU.ActiveCfg = Debug|Any CPU
		{245AF769-7EBF-4713-8FB9-E25A9A5CE924}.Debug|Any CPU.Build.0 = Debug|Any CPU
		{245AF769-7EBF-4713-8FB9-E25A9A5CE924}.Release|Any CPU.ActiveCfg = Release|Any CPU
		{9F1DC363-A110-464A-94BB-2372F8EB434F}.Debug|Any CPU.ActiveCfg = Debug|Any CPU
		{9F1DC363-A110-464A-94BB-2372F8EB434F}.Release|Any CPU.ActiveCfg = Release|Any CPU
		{406670DD-3FD5-43D7-BFBE-0AD765F8AB47}.Debug|Any CPU.ActiveCfg = Debug|Any CPU
		{406670DD-3FD5-43D7-BFBE-0AD765F8AB47}.Release|Any CPU.ActiveCfg = Release|Any CPU
	EndGlobalSection
	GlobalSection(SolutionProperties) = preSolution
		HideSolutionNode = FALSE
	EndGlobalSection
EndGlobal
