
Microsoft Visual Studio Solution File, Format Version 12.00
# Visual Studio 2013
VisualStudioVersion = 12.0.30723.0
MinimumVisualStudioVersion = 10.0.40219.1
Project("{6141683F-8A12-4E36-9623-2EB02B2C2303}") = "ICP.Setup", "ICP.Setup\ICP.Setup.isproj", "{DDB1FC47-2067-4E79-94A0-B38A96788603}"
EndProject
Global
	GlobalSection(TeamFoundationVersionControl) = preSolution
		SccNumberOfProjects = 2
		SccEnterpriseProvider = {4CA58AB2-18FA-4F8D-95D4-32DDF27D184C}
		SccTeamFoundationServer = http://192.168.0.51:8080/tfs/defaultcollection
		SccLocalPath0 = .
		SccProjectUniqueName1 = ICP.Setup\\ICP.Setup.isproj
		SccProjectName1 = ICP.Setup
		SccLocalPath1 = ICP.Setup
	EndGlobalSection
	GlobalSection(SolutionConfigurationPlatforms) = preSolution
		CD_ROM|Default = CD_ROM|Default
		DVD-5|Default = DVD-5|Default
		SingleImage|Default = SingleImage|Default
	EndGlobalSection
	GlobalSection(ProjectConfigurationPlatforms) = postSolution
		{DDB1FC47-2067-4E79-94A0-B38A96788603}.CD_ROM|Default.ActiveCfg = CD_ROM
		{DDB1FC47-2067-4E79-94A0-B38A96788603}.CD_ROM|Default.Build.0 = CD_ROM
		{DDB1FC47-2067-4E79-94A0-B38A96788603}.DVD-5|Default.ActiveCfg = DVD-5
		{DDB1FC47-2067-4E79-94A0-B38A96788603}.DVD-5|Default.Build.0 = DVD-5
		{DDB1FC47-2067-4E79-94A0-B38A96788603}.SingleImage|Default.ActiveCfg = SingleImage
		{DDB1FC47-2067-4E79-94A0-B38A96788603}.SingleImage|Default.Build.0 = SingleImage
	EndGlobalSection
	GlobalSection(SolutionProperties) = preSolution
		HideSolutionNode = FALSE
	EndGlobalSection
EndGlobal
